// !$*UTF8*$!
{
	archiveVersion = 1;
	classes = {
	};
	objectVersion = 56;
	objects = {

/* Begin PBXBuildFile section */
		47572D672914CE9500793CF4 /* timewellspent_iosApp.swift in Sources */ = {isa = PBXBuildFile; fileRef = 47572D662914CE9500793CF4 /* timewellspent_iosApp.swift */; };
		47572D692914CE9500793CF4 /* Persistence.swift in Sources */ = {isa = PBXBuildFile; fileRef = 47572D682914CE9500793CF4 /* Persistence.swift */; };
		47572D6C2914CE9500793CF4 /* timewellspent_ios.xcdatamodeld in Sources */ = {isa = PBXBuildFile; fileRef = 47572D6A2914CE9500793CF4 /* timewellspent_ios.xcdatamodeld */; };
		47572D6E2914CE9500793CF4 /* ContentView.swift in Sources */ = {isa = PBXBuildFile; fileRef = 47572D6D2914CE9500793CF4 /* ContentView.swift */; };
		47572D702914CE9600793CF4 /* Assets.xcassets in Resources */ = {isa = PBXBuildFile; fileRef = 47572D6F2914CE9600793CF4 /* Assets.xcassets */; };
		47572D742914CE9600793CF4 /* Preview Assets.xcassets in Resources */ = {isa = PBXBuildFile; fileRef = 47572D732914CE9600793CF4 /* Preview Assets.xcassets */; };
		47572D7E2914CE9600793CF4 /* timewellspent_iosTests.swift in Sources */ = {isa = PBXBuildFile; fileRef = 47572D7D2914CE9600793CF4 /* timewellspent_iosTests.swift */; };
		47572D882914CE9600793CF4 /* timewellspent_iosUITests.swift in Sources */ = {isa = PBXBuildFile; fileRef = 47572D872914CE9600793CF4 /* timewellspent_iosUITests.swift */; };
		47572D8A2914CE9600793CF4 /* timewellspent_iosUITestsLaunchTests.swift in Sources */ = {isa = PBXBuildFile; fileRef = 47572D892914CE9600793CF4 /* timewellspent_iosUITestsLaunchTests.swift */; };
/* End PBXBuildFile section */

/* Begin PBXContainerItemProxy section */
		47572D7A2914CE9600793CF4 /* PBXContainerItemProxy */ = {
			isa = PBXContainerItemProxy;
			containerPortal = 47572D5B2914CE9500793CF4 /* Project object */;
			proxyType = 1;
			remoteGlobalIDString = 47572D622914CE9500793CF4;
			remoteInfo = "timewellspent-ios";
		};
		47572D842914CE9600793CF4 /* PBXContainerItemProxy */ = {
			isa = PBXContainerItemProxy;
			containerPortal = 47572D5B2914CE9500793CF4 /* Project object */;
			proxyType = 1;
			remoteGlobalIDString = 47572D622914CE9500793CF4;
			remoteInfo = "timewellspent-ios";
		};
/* End PBXContainerItemProxy section */

/* Begin PBXFileReference section */
		47572D632914CE9500793CF4 /* timewellspent-ios.app */ = {isa = PBXFileReference; explicitFileType = wrapper.application; includeInIndex = 0; path = "timewellspent-ios.app"; sourceTree = BUILT_PRODUCTS_DIR; };
		47572D662914CE9500793CF4 /* timewellspent_iosApp.swift */ = {isa = PBXFileReference; lastKnownFileType = sourcecode.swift; path = timewellspent_iosApp.swift; sourceTree = "<group>"; };
		47572D682914CE9500793CF4 /* Persistence.swift */ = {isa = PBXFileReference; lastKnownFileType = sourcecode.swift; path = Persistence.swift; sourceTree = "<group>"; };
		47572D6B2914CE9500793CF4 /* timewellspent_ios.xcdatamodel */ = {isa = PBXFileReference; lastKnownFileType = wrapper.xcdatamodel; path = timewellspent_ios.xcdatamodel; sourceTree = "<group>"; };
		47572D6D2914CE9500793CF4 /* ContentView.swift */ = {isa = PBXFileReference; lastKnownFileType = sourcecode.swift; path = ContentView.swift; sourceTree = "<group>"; };
		47572D6F2914CE9600793CF4 /* Assets.xcassets */ = {isa = PBXFileReference; lastKnownFileType = folder.assetcatalog; path = Assets.xcassets; sourceTree = "<group>"; };
		47572D712914CE9600793CF4 /* timewellspent_ios.entitlements */ = {isa = PBXFileReference; lastKnownFileType = text.plist.entitlements; path = timewellspent_ios.entitlements; sourceTree = "<group>"; };
		47572D732914CE9600793CF4 /* Preview Assets.xcassets */ = {isa = PBXFileReference; lastKnownFileType = folder.assetcatalog; path = "Preview Assets.xcassets"; sourceTree = "<group>"; };
		47572D792914CE9600793CF4 /* timewellspent-iosTests.xctest */ = {isa = PBXFileReference; explicitFileType = wrapper.cfbundle; includeInIndex = 0; path = "timewellspent-iosTests.xctest"; sourceTree = BUILT_PRODUCTS_DIR; };
		47572D7D2914CE9600793CF4 /* timewellspent_iosTests.swift */ = {isa = PBXFileReference; lastKnownFileType = sourcecode.swift; path = timewellspent_iosTests.swift; sourceTree = "<group>"; };
		47572D832914CE9600793CF4 /* timewellspent-iosUITests.xctest */ = {isa = PBXFileReference; explicitFileType = wrapper.cfbundle; includeInIndex = 0; path = "timewellspent-iosUITests.xctest"; sourceTree = BUILT_PRODUCTS_DIR; };
		47572D872914CE9600793CF4 /* timewellspent_iosUITests.swift */ = {isa = PBXFileReference; lastKnownFileType = sourcecode.swift; path = timewellspent_iosUITests.swift; sourceTree = "<group>"; };
		47572D892914CE9600793CF4 /* timewellspent_iosUITestsLaunchTests.swift */ = {isa = PBXFileReference; lastKnownFileType = sourcecode.swift; path = timewellspent_iosUITestsLaunchTests.swift; sourceTree = "<group>"; };
/* End PBXFileReference section */

/* Begin PBXFrameworksBuildPhase section */
		47572D602914CE9500793CF4 /* Frameworks */ = {
			isa = PBXFrameworksBuildPhase;
			buildActionMask = 2147483647;
			files = (
			);
			runOnlyForDeploymentPostprocessing = 0;
		};
		47572D762914CE9600793CF4 /* Frameworks */ = {
			isa = PBXFrameworksBuildPhase;
			buildActionMask = 2147483647;
			files = (
			);
			runOnlyForDeploymentPostprocessing = 0;
		};
		47572D802914CE9600793CF4 /* Frameworks */ = {
			isa = PBXFrameworksBuildPhase;
			buildActionMask = 2147483647;
			files = (
			);
			runOnlyForDeploymentPostprocessing = 0;
		};
/* End PBXFrameworksBuildPhase section */

/* Begin PBXGroup section */
		47572D5A2914CE9500793CF4 = {
			isa = PBXGroup;
			children = (
				47572D652914CE9500793CF4 /* timewellspent-ios */,
				47572D7C2914CE9600793CF4 /* timewellspent-iosTests */,
				47572D862914CE9600793CF4 /* timewellspent-iosUITests */,
				47572D642914CE9500793CF4 /* Products */,
			);
			sourceTree = "<group>";
		};
		47572D642914CE9500793CF4 /* Products */ = {
			isa = PBXGroup;
			children = (
				47572D632914CE9500793CF4 /* timewellspent-ios.app */,
				47572D792914CE9600793CF4 /* timewellspent-iosTests.xctest */,
				47572D832914CE9600793CF4 /* timewellspent-iosUITests.xctest */,
			);
			name = Products;
			sourceTree = "<group>";
		};
		47572D652914CE9500793CF4 /* timewellspent-ios */ = {
			isa = PBXGroup;
			children = (
				47572D662914CE9500793CF4 /* timewellspent_iosApp.swift */,
				47572D682914CE9500793CF4 /* Persistence.swift */,
				47572D6D2914CE9500793CF4 /* ContentView.swift */,
				47572D6F2914CE9600793CF4 /* Assets.xcassets */,
				47572D712914CE9600793CF4 /* timewellspent_ios.entitlements */,
				47572D6A2914CE9500793CF4 /* timewellspent_ios.xcdatamodeld */,
				47572D722914CE9600793CF4 /* Preview Content */,
			);
			path = "timewellspent-ios";
			sourceTree = "<group>";
		};
		47572D722914CE9600793CF4 /* Preview Content */ = {
			isa = PBXGroup;
			children = (
				47572D732914CE9600793CF4 /* Preview Assets.xcassets */,
			);
			path = "Preview Content";
			sourceTree = "<group>";
		};
		47572D7C2914CE9600793CF4 /* timewellspent-iosTests */ = {
			isa = PBXGroup;
			children = (
				47572D7D2914CE9600793CF4 /* timewellspent_iosTests.swift */,
			);
			path = "timewellspent-iosTests";
			sourceTree = "<group>";
		};
		47572D862914CE9600793CF4 /* timewellspent-iosUITests */ = {
			isa = PBXGroup;
			children = (
				47572D872914CE9600793CF4 /* timewellspent_iosUITests.swift */,
				47572D892914CE9600793CF4 /* timewellspent_iosUITestsLaunchTests.swift */,
			);
			path = "timewellspent-iosUITests";
			sourceTree = "<group>";
		};
/* End PBXGroup section */

/* Begin PBXNativeTarget section */
		47572D622914CE9500793CF4 /* timewellspent-ios */ = {
			isa = PBXNativeTarget;
			buildConfigurationList = 47572D8D2914CE9600793CF4 /* Build configuration list for PBXNativeTarget "timewellspent-ios" */;
			buildPhases = (
				47572D5F2914CE9500793CF4 /* Sources */,
				47572D602914CE9500793CF4 /* Frameworks */,
				47572D612914CE9500793CF4 /* Resources */,
			);
			buildRules = (
			);
			dependencies = (
			);
			name = "timewellspent-ios";
			productName = "timewellspent-ios";
			productReference = 47572D632914CE9500793CF4 /* timewellspent-ios.app */;
			productType = "com.apple.product-type.application";
		};
		47572D782914CE9600793CF4 /* timewellspent-iosTests */ = {
			isa = PBXNativeTarget;
			buildConfigurationList = 47572D902914CE9600793CF4 /* Build configuration list for PBXNativeTarget "timewellspent-iosTests" */;
			buildPhases = (
				47572D752914CE9600793CF4 /* Sources */,
				47572D762914CE9600793CF4 /* Frameworks */,
				47572D772914CE9600793CF4 /* Resources */,
			);
			buildRules = (
			);
			dependencies = (
				47572D7B2914CE9600793CF4 /* PBXTargetDependency */,
			);
			name = "timewellspent-iosTests";
			productName = "timewellspent-iosTests";
			productReference = 47572D792914CE9600793CF4 /* timewellspent-iosTests.xctest */;
			productType = "com.apple.product-type.bundle.unit-test";
		};
		47572D822914CE9600793CF4 /* timewellspent-iosUITests */ = {
			isa = PBXNativeTarget;
			buildConfigurationList = 47572D932914CE9600793CF4 /* Build configuration list for PBXNativeTarget "timewellspent-iosUITests" */;
			buildPhases = (
				47572D7F2914CE9600793CF4 /* Sources */,
				47572D802914CE9600793CF4 /* Frameworks */,
				47572D812914CE9600793CF4 /* Resources */,
			);
			buildRules = (
			);
			dependencies = (
				47572D852914CE9600793CF4 /* PBXTargetDependency */,
			);
			name = "timewellspent-iosUITests";
			productName = "timewellspent-iosUITests";
			productReference = 47572D832914CE9600793CF4 /* timewellspent-iosUITests.xctest */;
			productType = "com.apple.product-type.bundle.ui-testing";
		};
/* End PBXNativeTarget section */

/* Begin PBXProject section */
		47572D5B2914CE9500793CF4 /* Project object */ = {
			isa = PBXProject;
			attributes = {
				BuildIndependentTargetsInParallel = 1;
				LastSwiftUpdateCheck = 1410;
				LastUpgradeCheck = 1410;
				TargetAttributes = {
					47572D622914CE9500793CF4 = {
						CreatedOnToolsVersion = 14.1;
					};
					47572D782914CE9600793CF4 = {
						CreatedOnToolsVersion = 14.1;
						TestTargetID = 47572D622914CE9500793CF4;
					};
					47572D822914CE9600793CF4 = {
						CreatedOnToolsVersion = 14.1;
						TestTargetID = 47572D622914CE9500793CF4;
					};
				};
			};
			buildConfigurationList = 47572D5E2914CE9500793CF4 /* Build configuration list for PBXProject "timewellspent-ios" */;
			compatibilityVersion = "Xcode 14.0";
			developmentRegion = en;
			hasScannedForEncodings = 0;
			knownRegions = (
				en,
				Base,
			);
			mainGroup = 47572D5A2914CE9500793CF4;
			productRefGroup = 47572D642914CE9500793CF4 /* Products */;
			projectDirPath = "";
			projectRoot = "";
			targets = (
				47572D622914CE9500793CF4 /* timewellspent-ios */,
				47572D782914CE9600793CF4 /* timewellspent-iosTests */,
				47572D822914CE9600793CF4 /* timewellspent-iosUITests */,
			);
		};
/* End PBXProject section */

/* Begin PBXResourcesBuildPhase section */
		47572D612914CE9500793CF4 /* Resources */ = {
			isa = PBXResourcesBuildPhase;
			buildActionMask = 2147483647;
			files = (
				47572D742914CE9600793CF4 /* Preview Assets.xcassets in Resources */,
				47572D702914CE9600793CF4 /* Assets.xcassets in Resources */,
			);
			runOnlyForDeploymentPostprocessing = 0;
		};
		47572D772914CE9600793CF4 /* Resources */ = {
			isa = PBXResourcesBuildPhase;
			buildActionMask = 2147483647;
			files = (
			);
			runOnlyForDeploymentPostprocessing = 0;
		};
		47572D812914CE9600793CF4 /* Resources */ = {
			isa = PBXResourcesBuildPhase;
			buildActionMask = 2147483647;
			files = (
			);
			runOnlyForDeploymentPostprocessing = 0;
		};
/* End PBXResourcesBuildPhase section */

/* Begin PBXSourcesBuildPhase section */
		47572D5F2914CE9500793CF4 /* Sources */ = {
			isa = PBXSourcesBuildPhase;
			buildActionMask = 2147483647;
			files = (
				47572D6C2914CE9500793CF4 /* timewellspent_ios.xcdatamodeld in Sources */,
				47572D672914CE9500793CF4 /* timewellspent_iosApp.swift in Sources */,
				47572D6E2914CE9500793CF4 /* ContentView.swift in Sources */,
				47572D692914CE9500793CF4 /* Persistence.swift in Sources */,
			);
			runOnlyForDeploymentPostprocessing = 0;
		};
		47572D752914CE9600793CF4 /* Sources */ = {
			isa = PBXSourcesBuildPhase;
			buildActionMask = 2147483647;
			files = (
				47572D7E2914CE9600793CF4 /* timewellspent_iosTests.swift in Sources */,
			);
			runOnlyForDeploymentPostprocessing = 0;
		};
		47572D7F2914CE9600793CF4 /* Sources */ = {
			isa = PBXSourcesBuildPhase;
			buildActionMask = 2147483647;
			files = (
				47572D8A2914CE9600793CF4 /* timewellspent_iosUITestsLaunchTests.swift in Sources */,
				47572D882914CE9600793CF4 /* timewellspent_iosUITests.swift in Sources */,
			);
			runOnlyForDeploymentPostprocessing = 0;
		};
/* End PBXSourcesBuildPhase section */

/* Begin PBXTargetDependency section */
		47572D7B2914CE9600793CF4 /* PBXTargetDependency */ = {
			isa = PBXTargetDependency;
			target = 47572D622914CE9500793CF4 /* timewellspent-ios */;
			targetProxy = 47572D7A2914CE9600793CF4 /* PBXContainerItemProxy */;
		};
		47572D852914CE9600793CF4 /* PBXTargetDependency */ = {
			isa = PBXTargetDependency;
			target = 47572D622914CE9500793CF4 /* timewellspent-ios */;
			targetProxy = 47572D842914CE9600793CF4 /* PBXContainerItemProxy */;
		};
/* End PBXTargetDependency section */

/* Begin XCBuildConfiguration section */
		47572D8B2914CE9600793CF4 /* Debug */ = {
			isa = XCBuildConfiguration;
			buildSettings = {
				ALWAYS_SEARCH_USER_PATHS = NO;
				CLANG_ANALYZER_NONNULL = YES;
				CLANG_ANALYZER_NUMBER_OBJECT_CONVERSION = YES_AGGRESSIVE;
				CLANG_CXX_LANGUAGE_STANDARD = "gnu++20";
				CLANG_ENABLE_MODULES = YES;
				CLANG_ENABLE_OBJC_ARC = YES;
				CLANG_ENABLE_OBJC_WEAK = YES;
				CLANG_WARN_BLOCK_CAPTURE_AUTORELEASING = YES;
				CLANG_WARN_BOOL_CONVERSION = YES;
				CLANG_WARN_COMMA = YES;
				CLANG_WARN_CONSTANT_CONVERSION = YES;
				CLANG_WARN_DEPRECATED_OBJC_IMPLEMENTATIONS = YES;
				CLANG_WARN_DIRECT_OBJC_ISA_USAGE = YES_ERROR;
				CLANG_WARN_DOCUMENTATION_COMMENTS = YES;
				CLANG_WARN_EMPTY_BODY = YES;
				CLANG_WARN_ENUM_CONVERSION = YES;
				CLANG_WARN_INFINITE_RECURSION = YES;
				CLANG_WARN_INT_CONVERSION = YES;
				CLANG_WARN_NON_LITERAL_NULL_CONVERSION = YES;
				CLANG_WARN_OBJC_IMPLICIT_RETAIN_SELF = YES;
				CLANG_WARN_OBJC_LITERAL_CONVERSION = YES;
				CLANG_WARN_OBJC_ROOT_CLASS = YES_ERROR;
				CLANG_WARN_QUOTED_INCLUDE_IN_FRAMEWORK_HEADER = YES;
				CLANG_WARN_RANGE_LOOP_ANALYSIS = YES;
				CLANG_WARN_STRICT_PROTOTYPES = YES;
				CLANG_WARN_SUSPICIOUS_MOVE = YES;
				CLANG_WARN_UNGUARDED_AVAILABILITY = YES_AGGRESSIVE;
				CLANG_WARN_UNREACHABLE_CODE = YES;
				CLANG_WARN__DUPLICATE_METHOD_MATCH = YES;
				COPY_PHASE_STRIP = NO;
				DEBUG_INFORMATION_FORMAT = dwarf;
				ENABLE_STRICT_OBJC_MSGSEND = YES;
				ENABLE_TESTABILITY = YES;
				GCC_C_LANGUAGE_STANDARD = gnu11;
				GCC_DYNAMIC_NO_PIC = NO;
				GCC_NO_COMMON_BLOCKS = YES;
				GCC_OPTIMIZATION_LEVEL = 0;
				GCC_PREPROCESSOR_DEFINITIONS = (
					"DEBUG=1",
					"$(inherited)",
				);
				GCC_WARN_64_TO_32_BIT_CONVERSION = YES;
				GCC_WARN_ABOUT_RETURN_TYPE = YES_ERROR;
				GCC_WARN_UNDECLARED_SELECTOR = YES;
				GCC_WARN_UNINITIALIZED_AUTOS = YES_AGGRESSIVE;
				GCC_WARN_UNUSED_FUNCTION = YES;
				GCC_WARN_UNUSED_VARIABLE = YES;
				MTL_ENABLE_DEBUG_INFO = INCLUDE_SOURCE;
				MTL_FAST_MATH = YES;
				ONLY_ACTIVE_ARCH = YES;
				SWIFT_ACTIVE_COMPILATION_CONDITIONS = DEBUG;
				SWIFT_OPTIMIZATION_LEVEL = "-Onone";
			};
			name = Debug;
		};
		47572D8C2914CE9600793CF4 /* Release */ = {
			isa = XCBuildConfiguration;
			buildSettings = {
				ALWAYS_SEARCH_USER_PATHS = NO;
				CLANG_ANALYZER_NONNULL = YES;
				CLANG_ANALYZER_NUMBER_OBJECT_CONVERSION = YES_AGGRESSIVE;
				CLANG_CXX_LANGUAGE_STANDARD = "gnu++20";
				CLANG_ENABLE_MODULES = YES;
				CLANG_ENABLE_OBJC_ARC = YES;
				CLANG_ENABLE_OBJC_WEAK = YES;
				CLANG_WARN_BLOCK_CAPTURE_AUTORELEASING = YES;
				CLANG_WARN_BOOL_CONVERSION = YES;
				CLANG_WARN_COMMA = YES;
				CLANG_WARN_CONSTANT_CONVERSION = YES;
				CLANG_WARN_DEPRECATED_OBJC_IMPLEMENTATIONS = YES;
				CLANG_WARN_DIRECT_OBJC_ISA_USAGE = YES_ERROR;
				CLANG_WARN_DOCUMENTATION_COMMENTS = YES;
				CLANG_WARN_EMPTY_BODY = YES;
				CLANG_WARN_ENUM_CONVERSION = YES;
				CLANG_WARN_INFINITE_RECURSION = YES;
				CLANG_WARN_INT_CONVERSION = YES;
				CLANG_WARN_NON_LITERAL_NULL_CONVERSION = YES;
				CLANG_WARN_OBJC_IMPLICIT_RETAIN_SELF = YES;
				CLANG_WARN_OBJC_LITERAL_CONVERSION = YES;
				CLANG_WARN_OBJC_ROOT_CLASS = YES_ERROR;
				CLANG_WARN_QUOTED_INCLUDE_IN_FRAMEWORK_HEADER = YES;
				CLANG_WARN_RANGE_LOOP_ANALYSIS = YES;
				CLANG_WARN_STRICT_PROTOTYPES = YES;
				CLANG_WARN_SUSPICIOUS_MOVE = YES;
				CLANG_WARN_UNGUARDED_AVAILABILITY = YES_AGGRESSIVE;
				CLANG_WARN_UNREACHABLE_CODE = YES;
				CLANG_WARN__DUPLICATE_METHOD_MATCH = YES;
				COPY_PHASE_STRIP = NO;
				DEBUG_INFORMATION_FORMAT = "dwarf-with-dsym";
				ENABLE_NS_ASSERTIONS = NO;
				ENABLE_STRICT_OBJC_MSGSEND = YES;
				GCC_C_LANGUAGE_STANDARD = gnu11;
				GCC_NO_COMMON_BLOCKS = YES;
				GCC_WARN_64_TO_32_BIT_CONVERSION = YES;
				GCC_WARN_ABOUT_RETURN_TYPE = YES_ERROR;
				GCC_WARN_UNDECLARED_SELECTOR = YES;
				GCC_WARN_UNINITIALIZED_AUTOS = YES_AGGRESSIVE;
				GCC_WARN_UNUSED_FUNCTION = YES;
				GCC_WARN_UNUSED_VARIABLE = YES;
				MTL_ENABLE_DEBUG_INFO = NO;
				MTL_FAST_MATH = YES;
				SWIFT_COMPILATION_MODE = wholemodule;
				SWIFT_OPTIMIZATION_LEVEL = "-O";
			};
			name = Release;
		};
		47572D8E2914CE9600793CF4 /* Debug */ = {
			isa = XCBuildConfiguration;
			buildSettings = {
				ASSETCATALOG_COMPILER_APPICON_NAME = AppIcon;
				ASSETCATALOG_COMPILER_GLOBAL_ACCENT_COLOR_NAME = AccentColor;
				CODE_SIGN_ENTITLEMENTS = "timewellspent-ios/timewellspent_ios.entitlements";
				CODE_SIGN_STYLE = Automatic;
				CURRENT_PROJECT_VERSION = 1;
				DEVELOPMENT_ASSET_PATHS = "\"timewellspent-ios/Preview Content\"";
				DEVELOPMENT_TEAM = SHD3A2G97F;
				ENABLE_HARDENED_RUNTIME = YES;
				ENABLE_PREVIEWS = YES;
				GENERATE_INFOPLIST_FILE = YES;
				"INFOPLIST_KEY_UIApplicationSceneManifest_Generation[sdk=iphoneos*]" = YES;
				"INFOPLIST_KEY_UIApplicationSceneManifest_Generation[sdk=iphonesimulator*]" = YES;
				"INFOPLIST_KEY_UIApplicationSupportsIndirectInputEvents[sdk=iphoneos*]" = YES;
				"INFOPLIST_KEY_UIApplicationSupportsIndirectInputEvents[sdk=iphonesimulator*]" = YES;
				"INFOPLIST_KEY_UILaunchScreen_Generation[sdk=iphoneos*]" = YES;
				"INFOPLIST_KEY_UILaunchScreen_Generation[sdk=iphonesimulator*]" = YES;
				"INFOPLIST_KEY_UIStatusBarStyle[sdk=iphoneos*]" = UIStatusBarStyleDefault;
				"INFOPLIST_KEY_UIStatusBarStyle[sdk=iphonesimulator*]" = UIStatusBarStyleDefault;
				INFOPLIST_KEY_UISupportedInterfaceOrientations_iPad = "UIInterfaceOrientationPortrait UIInterfaceOrientationPortraitUpsideDown UIInterfaceOrientationLandscapeLeft UIInterfaceOrientationLandscapeRight";
				INFOPLIST_KEY_UISupportedInterfaceOrientations_iPhone = "UIInterfaceOrientationPortrait UIInterfaceOrientationLandscapeLeft UIInterfaceOrientationLandscapeRight";
				IPHONEOS_DEPLOYMENT_TARGET = 16.1;
				LD_RUNPATH_SEARCH_PATHS = "@executable_path/Frameworks";
				"LD_RUNPATH_SEARCH_PATHS[sdk=macosx*]" = "@executable_path/../Frameworks";
				MACOSX_DEPLOYMENT_TARGET = 13.0;
				MARKETING_VERSION = 1.0;
				PRODUCT_BUNDLE_IDENTIFIER = "leaveylabs.timewellspent-ios";
				PRODUCT_NAME = "$(TARGET_NAME)";
				SDKROOT = auto;
				SUPPORTED_PLATFORMS = "iphoneos iphonesimulator macosx";
				SWIFT_EMIT_LOC_STRINGS = YES;
				SWIFT_VERSION = 5.0;
				TARGETED_DEVICE_FAMILY = "1,2";
			};
			name = Debug;
		};
		47572D8F2914CE9600793CF4 /* Release */ = {
			isa = XCBuildConfiguration;
			buildSettings = {
				ASSETCATALOG_COMPILER_APPICON_NAME = AppIcon;
				ASSETCATALOG_COMPILER_GLOBAL_ACCENT_COLOR_NAME = AccentColor;
				CODE_SIGN_ENTITLEMENTS = "timewellspent-ios/timewellspent_ios.entitlements";
				CODE_SIGN_STYLE = Automatic;
				CURRENT_PROJECT_VERSION = 1;
				DEVELOPMENT_ASSET_PATHS = "\"timewellspent-ios/Preview Content\"";
				DEVELOPMENT_TEAM = SHD3A2G97F;
				ENABLE_HARDENED_RUNTIME = YES;
				ENABLE_PREVIEWS = YES;
				GENERATE_INFOPLIST_FILE = YES;
				"INFOPLIST_KEY_UIApplicationSceneManifest_Generation[sdk=iphoneos*]" = YES;
				"INFOPLIST_KEY_UIApplicationSceneManifest_Generation[sdk=iphonesimulator*]" = YES;
				"INFOPLIST_KEY_UIApplicationSupportsIndirectInputEvents[sdk=iphoneos*]" = YES;
				"INFOPLIST_KEY_UIApplicationSupportsIndirectInputEvents[sdk=iphonesimulator*]" = YES;
				"INFOPLIST_KEY_UILaunchScreen_Generation[sdk=iphoneos*]" = YES;
				"INFOPLIST_KEY_UILaunchScreen_Generation[sdk=iphonesimulator*]" = YES;
				"INFOPLIST_KEY_UIStatusBarStyle[sdk=iphoneos*]" = UIStatusBarStyleDefault;
				"INFOPLIST_KEY_UIStatusBarStyle[sdk=iphonesimulator*]" = UIStatusBarStyleDefault;
				INFOPLIST_KEY_UISupportedInterfaceOrientations_iPad = "UIInterfaceOrientationPortrait UIInterfaceOrientationPortraitUpsideDown UIInterfaceOrientationLandscapeLeft UIInterfaceOrientationLandscapeRight";
				INFOPLIST_KEY_UISupportedInterfaceOrientations_iPhone = "UIInterfaceOrientationPortrait UIInterfaceOrientationLandscapeLeft UIInterfaceOrientationLandscapeRight";
				IPHONEOS_DEPLOYMENT_TARGET = 16.1;
				LD_RUNPATH_SEARCH_PATHS = "@executable_path/Frameworks";
				"LD_RUNPATH_SEARCH_PATHS[sdk=macosx*]" = "@executable_path/../Frameworks";
				MACOSX_DEPLOYMENT_TARGET = 13.0;
				MARKETING_VERSION = 1.0;
				PRODUCT_BUNDLE_IDENTIFIER = "leaveylabs.timewellspent-ios";
				PRODUCT_NAME = "$(TARGET_NAME)";
				SDKROOT = auto;
				SUPPORTED_PLATFORMS = "iphoneos iphonesimulator macosx";
				SWIFT_EMIT_LOC_STRINGS = YES;
				SWIFT_VERSION = 5.0;
				TARGETED_DEVICE_FAMILY = "1,2";
			};
			name = Release;
		};
		47572D912914CE9600793CF4 /* Debug */ = {
			isa = XCBuildConfiguration;
			buildSettings = {
				ALWAYS_EMBED_SWIFT_STANDARD_LIBRARIES = YES;
				BUNDLE_LOADER = "$(TEST_HOST)";
				CODE_SIGN_STYLE = Automatic;
				CURRENT_PROJECT_VERSION = 1;
				DEVELOPMENT_TEAM = SHD3A2G97F;
				GENERATE_INFOPLIST_FILE = YES;
				IPHONEOS_DEPLOYMENT_TARGET = 16.1;
				MACOSX_DEPLOYMENT_TARGET = 13.0;
				MARKETING_VERSION = 1.0;
				PRODUCT_BUNDLE_IDENTIFIER = "leaveylabs.timewellspent-iosTests";
				PRODUCT_NAME = "$(TARGET_NAME)";
				SDKROOT = auto;
				SUPPORTED_PLATFORMS = "iphoneos iphonesimulator macosx";
				SWIFT_EMIT_LOC_STRINGS = NO;
				SWIFT_VERSION = 5.0;
				TARGETED_DEVICE_FAMILY = "1,2";
				TEST_HOST = "$(BUILT_PRODUCTS_DIR)/timewellspent-ios.app/$(BUNDLE_EXECUTABLE_FOLDER_PATH)/timewellspent-ios";
			};
			name = Debug;
		};
		47572D922914CE9600793CF4 /* Release */ = {
			isa = XCBuildConfiguration;
			buildSettings = {
				ALWAYS_EMBED_SWIFT_STANDARD_LIBRARIES = YES;
				BUNDLE_LOADER = "$(TEST_HOST)";
				CODE_SIGN_STYLE = Automatic;
				CURRENT_PROJECT_VERSION = 1;
				DEVELOPMENT_TEAM = SHD3A2G97F;
				GENERATE_INFOPLIST_FILE = YES;
				IPHONEOS_DEPLOYMENT_TARGET = 16.1;
				MACOSX_DEPLOYMENT_TARGET = 13.0;
				MARKETING_VERSION = 1.0;
				PRODUCT_BUNDLE_IDENTIFIER = "leaveylabs.timewellspent-iosTests";
				PRODUCT_NAME = "$(TARGET_NAME)";
				SDKROOT = auto;
				SUPPORTED_PLATFORMS = "iphoneos iphonesimulator macosx";
				SWIFT_EMIT_LOC_STRINGS = NO;
				SWIFT_VERSION = 5.0;
				TARGETED_DEVICE_FAMILY = "1,2";
				TEST_HOST = "$(BUILT_PRODUCTS_DIR)/timewellspent-ios.app/$(BUNDLE_EXECUTABLE_FOLDER_PATH)/timewellspent-ios";
			};
			name = Release;
		};
		47572D942914CE9600793CF4 /* Debug */ = {
			isa = XCBuildConfiguration;
			buildSettings = {
				ALWAYS_EMBED_SWIFT_STANDARD_LIBRARIES = YES;
				CODE_SIGN_STYLE = Automatic;
				CURRENT_PROJECT_VERSION = 1;
				DEVELOPMENT_TEAM = SHD3A2G97F;
				GENERATE_INFOPLIST_FILE = YES;
				IPHONEOS_DEPLOYMENT_TARGET = 16.1;
				MACOSX_DEPLOYMENT_TARGET = 13.0;
				MARKETING_VERSION = 1.0;
				PRODUCT_BUNDLE_IDENTIFIER = "leaveylabs.timewellspent-iosUITests";
				PRODUCT_NAME = "$(TARGET_NAME)";
				SDKROOT = auto;
				SUPPORTED_PLATFORMS = "iphoneos iphonesimulator macosx";
				SWIFT_EMIT_LOC_STRINGS = NO;
				SWIFT_VERSION = 5.0;
				TARGETED_DEVICE_FAMILY = "1,2";
				TEST_TARGET_NAME = "timewellspent-ios";
			};
			name = Debug;
		};
		47572D952914CE9600793CF4 /* Release */ = {
			isa = XCBuildConfiguration;
			buildSettings = {
				ALWAYS_EMBED_SWIFT_STANDARD_LIBRARIES = YES;
				CODE_SIGN_STYLE = Automatic;
				CURRENT_PROJECT_VERSION = 1;
				DEVELOPMENT_TEAM = SHD3A2G97F;
				GENERATE_INFOPLIST_FILE = YES;
				IPHONEOS_DEPLOYMENT_TARGET = 16.1;
				MACOSX_DEPLOYMENT_TARGET = 13.0;
				MARKETING_VERSION = 1.0;
				PRODUCT_BUNDLE_IDENTIFIER = "leaveylabs.timewellspent-iosUITests";
				PRODUCT_NAME = "$(TARGET_NAME)";
				SDKROOT = auto;
				SUPPORTED_PLATFORMS = "iphoneos iphonesimulator macosx";
				SWIFT_EMIT_LOC_STRINGS = NO;
				SWIFT_VERSION = 5.0;
				TARGETED_DEVICE_FAMILY = "1,2";
				TEST_TARGET_NAME = "timewellspent-ios";
			};
			name = Release;
		};
/* End XCBuildConfiguration section */

/* Begin XCConfigurationList section */
		47572D5E2914CE9500793CF4 /* Build configuration list for PBXProject "timewellspent-ios" */ = {
			isa = XCConfigurationList;
			buildConfigurations = (
				47572D8B2914CE9600793CF4 /* Debug */,
				47572D8C2914CE9600793CF4 /* Release */,
			);
			defaultConfigurationIsVisible = 0;
			defaultConfigurationName = Release;
		};
		47572D8D2914CE9600793CF4 /* Build configuration list for PBXNativeTarget "timewellspent-ios" */ = {
			isa = XCConfigurationList;
			buildConfigurations = (
				47572D8E2914CE9600793CF4 /* Debug */,
				47572D8F2914CE9600793CF4 /* Release */,
			);
			defaultConfigurationIsVisible = 0;
			defaultConfigurationName = Release;
		};
		47572D902914CE9600793CF4 /* Build configuration list for PBXNativeTarget "timewellspent-iosTests" */ = {
			isa = XCConfigurationList;
			buildConfigurations = (
				47572D912914CE9600793CF4 /* Debug */,
				47572D922914CE9600793CF4 /* Release */,
			);
			defaultConfigurationIsVisible = 0;
			defaultConfigurationName = Release;
		};
		47572D932914CE9600793CF4 /* Build configuration list for PBXNativeTarget "timewellspent-iosUITests" */ = {
			isa = XCConfigurationList;
			buildConfigurations = (
				47572D942914CE9600793CF4 /* Debug */,
				47572D952914CE9600793CF4 /* Release */,
			);
			defaultConfigurationIsVisible = 0;
			defaultConfigurationName = Release;
		};
/* End XCConfigurationList section */

/* Begin XCVersionGroup section */
		47572D6A2914CE9500793CF4 /* timewellspent_ios.xcdatamodeld */ = {
			isa = XCVersionGroup;
			children = (
				47572D6B2914CE9500793CF4 /* timewellspent_ios.xcdatamodel */,
			);
			currentVersion = 47572D6B2914CE9500793CF4 /* timewellspent_ios.xcdatamodel */;
			path = timewellspent_ios.xcdatamodeld;
			sourceTree = "<group>";
			versionGroupType = wrapper.xcdatamodel;
		};
/* End XCVersionGroup section */
	};
	rootObject = 47572D5B2914CE9500793CF4 /* Project object */;
}
