// !$*UTF8*$!
{
	archiveVersion = 1;
	classes = {
	};
	objectVersion = 56;
	objects = {

/* Begin PBXBuildFile section */
		47050739291F460C007996FF /* LaunchScreen.storyboard in Resources */ = {isa = PBXBuildFile; fileRef = 47050738291F460C007996FF /* LaunchScreen.storyboard */; };
		47050741291F5ED0007996FF /* ManagedSettings.framework in Frameworks */ = {isa = PBXBuildFile; fileRef = 47050740291F5ED0007996FF /* ManagedSettings.framework */; };
		47050743291F5ED0007996FF /* ManagedSettingsUI.framework in Frameworks */ = {isa = PBXBuildFile; fileRef = 47050742291F5ED0007996FF /* ManagedSettingsUI.framework */; };
		47050746291F5ED0007996FF /* ShieldConfigurationExtension.swift in Sources */ = {isa = PBXBuildFile; fileRef = 47050745291F5ED0007996FF /* ShieldConfigurationExtension.swift */; };
		4705074B291F5ED0007996FF /* shield.appex in Embed Foundation Extensions */ = {isa = PBXBuildFile; fileRef = 4705073E291F5ED0007996FF /* shield.appex */; settings = {ATTRIBUTES = (RemoveHeadersOnCopy, ); }; };
		47050755291F6050007996FF /* ManagedSettings.framework in Frameworks */ = {isa = PBXBuildFile; fileRef = 47050740291F5ED0007996FF /* ManagedSettings.framework */; };
		47050758291F6050007996FF /* ShieldActionExtension.swift in Sources */ = {isa = PBXBuildFile; fileRef = 47050757291F6050007996FF /* ShieldActionExtension.swift */; };
		4705075D291F6050007996FF /* shieldaction.appex in Embed Foundation Extensions */ = {isa = PBXBuildFile; fileRef = 47050754291F6050007996FF /* shieldaction.appex */; settings = {ATTRIBUTES = (RemoveHeadersOnCopy, ); }; };
		47050767291F60B3007996FF /* DeviceActivity.framework in Frameworks */ = {isa = PBXBuildFile; fileRef = 47050766291F60B3007996FF /* DeviceActivity.framework */; };
		4705076A291F60B3007996FF /* DeviceActivityMonitorExtension.swift in Sources */ = {isa = PBXBuildFile; fileRef = 47050769291F60B3007996FF /* DeviceActivityMonitorExtension.swift */; };
		4705076F291F60B3007996FF /* activity-monitor.appex in Embed Foundation Extensions */ = {isa = PBXBuildFile; fileRef = 47050765291F60B3007996FF /* activity-monitor.appex */; settings = {ATTRIBUTES = (RemoveHeadersOnCopy, ); }; };
		47183C4F2929B86100AB6A38 /* MySchedules.swift in Sources */ = {isa = PBXBuildFile; fileRef = 47C0B8CA291E9D4800F04C7F /* MySchedules.swift */; };
		47183C502929B86C00AB6A38 /* MyManagedSettingsService.swift in Sources */ = {isa = PBXBuildFile; fileRef = 47C0B8C2291E9D2700F04C7F /* MyManagedSettingsService.swift */; };
		47183C512929B86F00AB6A38 /* MyManagedSettings.swift in Sources */ = {isa = PBXBuildFile; fileRef = 47F5563F2929B17500CCB9B4 /* MyManagedSettings.swift */; };
		47183C532929BC7A00AB6A38 /* DurationPickerView.swift in Sources */ = {isa = PBXBuildFile; fileRef = 47183C522929BC7A00AB6A38 /* DurationPickerView.swift */; };
		47183C552929E3F700AB6A38 /* MultiComponentPicker.swift in Sources */ = {isa = PBXBuildFile; fileRef = 47183C542929E3F700AB6A38 /* MultiComponentPicker.swift */; };
		47183C562929E55600AB6A38 /* Device.swift in Sources */ = {isa = PBXBuildFile; fileRef = 47F5563B2929AEC000CCB9B4 /* Device.swift */; };
		47183C572929E55600AB6A38 /* DeviceService.swift in Sources */ = {isa = PBXBuildFile; fileRef = 47F556392929AE3F00CCB9B4 /* DeviceService.swift */; };
		47183C5B2929EF2A00AB6A38 /* AppPickerView.swift in Sources */ = {isa = PBXBuildFile; fileRef = 47183C5A2929EF2A00AB6A38 /* AppPickerView.swift */; };
		47183C5D2929F11F00AB6A38 /* Color+Hex.swift in Sources */ = {isa = PBXBuildFile; fileRef = 47183C5C2929F11F00AB6A38 /* Color+Hex.swift */; };
		47183C5F2929F16600AB6A38 /* Constants.swift in Sources */ = {isa = PBXBuildFile; fileRef = 47183C5E2929F16600AB6A38 /* Constants.swift */; };
		47183C61292A009400AB6A38 /* DemoView.swift in Sources */ = {isa = PBXBuildFile; fileRef = 47183C60292A009400AB6A38 /* DemoView.swift */; };
		47183C63292A939800AB6A38 /* AppStoreReviewManager.swift in Sources */ = {isa = PBXBuildFile; fileRef = 47183C62292A939800AB6A38 /* AppStoreReviewManager.swift */; };
		47183C65292A967300AB6A38 /* RemoteConfig.swift in Sources */ = {isa = PBXBuildFile; fileRef = 47183C64292A967300AB6A38 /* RemoteConfig.swift */; };
		47183C67292A9F6F00AB6A38 /* smileberry.png in Resources */ = {isa = PBXBuildFile; fileRef = 47183C66292A9F6F00AB6A38 /* smileberry.png */; };
		47183C69292ADB0800AB6A38 /* MindfulnessDurationPickerView.swift in Sources */ = {isa = PBXBuildFile; fileRef = 47183C68292ADB0800AB6A38 /* MindfulnessDurationPickerView.swift */; };
		47183C6C292AE02900AB6A38 /* CustomizeNotificationsView.swift in Sources */ = {isa = PBXBuildFile; fileRef = 47183C6B292AE02900AB6A38 /* CustomizeNotificationsView.swift */; };
		47183C6E292AF6B800AB6A38 /* FirebaseRemoteConfig in Frameworks */ = {isa = PBXBuildFile; productRef = 47183C6D292AF6B800AB6A38 /* FirebaseRemoteConfig */; };
		47183C70292AF6B800AB6A38 /* FirebaseRemoteConfigSwift in Frameworks */ = {isa = PBXBuildFile; productRef = 47183C6F292AF6B800AB6A38 /* FirebaseRemoteConfigSwift */; };
		4726B91929208B4700C43C28 /* MeditationView.swift in Sources */ = {isa = PBXBuildFile; fileRef = 4726B91829208B4700C43C28 /* MeditationView.swift */; };
		4726B91C2920A65D00C43C28 /* DeviceConstants.swift in Sources */ = {isa = PBXBuildFile; fileRef = 4726B91B2920A65D00C43C28 /* DeviceConstants.swift */; };
		4726B91E2920A6E300C43C28 /* View+PreviewDevice.swift in Sources */ = {isa = PBXBuildFile; fileRef = 4726B91D2920A6E300C43C28 /* View+PreviewDevice.swift */; };
		4733245D291F892500D3E616 /* GoogleService-Info.plist in Resources */ = {isa = PBXBuildFile; fileRef = 4733245C291F892500D3E616 /* GoogleService-Info.plist */; };
		4733245E291F892500D3E616 /* GoogleService-Info.plist in Resources */ = {isa = PBXBuildFile; fileRef = 4733245C291F892500D3E616 /* GoogleService-Info.plist */; };
		4733245F291F892500D3E616 /* GoogleService-Info.plist in Resources */ = {isa = PBXBuildFile; fileRef = 4733245C291F892500D3E616 /* GoogleService-Info.plist */; };
		47332460291F892500D3E616 /* GoogleService-Info.plist in Resources */ = {isa = PBXBuildFile; fileRef = 4733245C291F892500D3E616 /* GoogleService-Info.plist */; };
		47332461291F892500D3E616 /* GoogleService-Info.plist in Resources */ = {isa = PBXBuildFile; fileRef = 4733245C291F892500D3E616 /* GoogleService-Info.plist */; };
		47332462291F892500D3E616 /* GoogleService-Info.plist in Resources */ = {isa = PBXBuildFile; fileRef = 4733245C291F892500D3E616 /* GoogleService-Info.plist */; };
		4750E6C629202A45000A1F62 /* pawpatroldog-nobg.png in Resources */ = {isa = PBXBuildFile; fileRef = 4750E6C529202A45000A1F62 /* pawpatroldog-nobg.png */; };
		47572D672914CE9500793CF4 /* App.swift in Sources */ = {isa = PBXBuildFile; fileRef = 47572D662914CE9500793CF4 /* App.swift */; };
		47572D692914CE9500793CF4 /* Persistence.swift in Sources */ = {isa = PBXBuildFile; fileRef = 47572D682914CE9500793CF4 /* Persistence.swift */; };
		47572D6C2914CE9500793CF4 /* timewellspent_ios.xcdatamodeld in Sources */ = {isa = PBXBuildFile; fileRef = 47572D6A2914CE9500793CF4 /* timewellspent_ios.xcdatamodeld */; };
		47572D6E2914CE9500793CF4 /* ContentViewP.swift in Sources */ = {isa = PBXBuildFile; fileRef = 47572D6D2914CE9500793CF4 /* ContentViewP.swift */; };
		47572D702914CE9600793CF4 /* Assets.xcassets in Resources */ = {isa = PBXBuildFile; fileRef = 47572D6F2914CE9600793CF4 /* Assets.xcassets */; };
		47572D742914CE9600793CF4 /* Preview Assets.xcassets in Resources */ = {isa = PBXBuildFile; fileRef = 47572D732914CE9600793CF4 /* Preview Assets.xcassets */; };
		47572D7E2914CE9600793CF4 /* timewellspent_iosTests.swift in Sources */ = {isa = PBXBuildFile; fileRef = 47572D7D2914CE9600793CF4 /* timewellspent_iosTests.swift */; };
		47572D882914CE9600793CF4 /* timewellspent_iosUITests.swift in Sources */ = {isa = PBXBuildFile; fileRef = 47572D872914CE9600793CF4 /* timewellspent_iosUITests.swift */; };
		47572D8A2914CE9600793CF4 /* timewellspent_iosUITestsLaunchTests.swift in Sources */ = {isa = PBXBuildFile; fileRef = 47572D892914CE9600793CF4 /* timewellspent_iosUITestsLaunchTests.swift */; };
		477740FA29208A3200B0F795 /* ContentView.swift in Sources */ = {isa = PBXBuildFile; fileRef = 477740F929208A3200B0F795 /* ContentView.swift */; };
		47AFCE6E2926B1E400E47FCD /* View+Hidden.swift in Sources */ = {isa = PBXBuildFile; fileRef = 47AFCE6D2926B1E400E47FCD /* View+Hidden.swift */; };
		47AFCE702926B82E00E47FCD /* Environments.swift in Sources */ = {isa = PBXBuildFile; fileRef = 47AFCE6F2926B82E00E47FCD /* Environments.swift */; };
		47AFCE762926C4CA00E47FCD /* FirebaseFirestore in Frameworks */ = {isa = PBXBuildFile; productRef = 47AFCE752926C4CA00E47FCD /* FirebaseFirestore */; };
		47AFCE782926C4CA00E47FCD /* FirebaseFirestoreSwift in Frameworks */ = {isa = PBXBuildFile; productRef = 47AFCE772926C4CA00E47FCD /* FirebaseFirestoreSwift */; };
		47AFCE7A2926C52000E47FCD /* FirebaseFirestore in Frameworks */ = {isa = PBXBuildFile; productRef = 47AFCE792926C52000E47FCD /* FirebaseFirestore */; };
		47AFCE7D2926EF4100E47FCD /* Session.swift in Sources */ = {isa = PBXBuildFile; fileRef = 47AFCE7C2926EF4100E47FCD /* Session.swift */; };
		47AFCE7F2926EF5700E47FCD /* Encodable+Dict.swift in Sources */ = {isa = PBXBuildFile; fileRef = 47AFCE7E2926EF5700E47FCD /* Encodable+Dict.swift */; };
		47AFCE802926EF6F00E47FCD /* Encodable+Dict.swift in Sources */ = {isa = PBXBuildFile; fileRef = 47AFCE7E2926EF5700E47FCD /* Encodable+Dict.swift */; };
		47AFCE812926F0C300E47FCD /* Session.swift in Sources */ = {isa = PBXBuildFile; fileRef = 47AFCE7C2926EF4100E47FCD /* Session.swift */; };
		47AFCE832926F0CE00E47FCD /* AppGroupData.swift in Sources */ = {isa = PBXBuildFile; fileRef = 47AFCE822926F0CE00E47FCD /* AppGroupData.swift */; };
		47AFCE842926F0D100E47FCD /* AppGroupData.swift in Sources */ = {isa = PBXBuildFile; fileRef = 47AFCE822926F0CE00E47FCD /* AppGroupData.swift */; };
		47AFCE88292867D000E47FCD /* CustomizeView.swift in Sources */ = {isa = PBXBuildFile; fileRef = 47AFCE87292867D000E47FCD /* CustomizeView.swift */; };
		47C0B8C0291E9CC100F04C7F /* AppDelegate.swift in Sources */ = {isa = PBXBuildFile; fileRef = 47C0B8BF291E9CC100F04C7F /* AppDelegate.swift */; };
		47C0B8C6291E9D2700F04C7F /* MyManagedSettingsService.swift in Sources */ = {isa = PBXBuildFile; fileRef = 47C0B8C2291E9D2700F04C7F /* MyManagedSettingsService.swift */; };
		47C0B8C9291E9D2700F04C7F /* HomeView.swift in Sources */ = {isa = PBXBuildFile; fileRef = 47C0B8C5291E9D2700F04C7F /* HomeView.swift */; };
		47C0B8CB291E9D4800F04C7F /* MySchedules.swift in Sources */ = {isa = PBXBuildFile; fileRef = 47C0B8CA291E9D4800F04C7F /* MySchedules.swift */; };
		47C0B8D1291E9FA200F04C7F /* CircleImageUIView.swift in Sources */ = {isa = PBXBuildFile; fileRef = 47C0B8D0291E9FA200F04C7F /* CircleImageUIView.swift */; };
		47C0B8D3291ECDEA00F04C7F /* FavoriteButton.swift in Sources */ = {isa = PBXBuildFile; fileRef = 47C0B8D2291ECDEA00F04C7F /* FavoriteButton.swift */; };
		47C0B8D5291EEA4F00F04C7F /* HoverButton.swift in Sources */ = {isa = PBXBuildFile; fileRef = 47C0B8D4291EEA4F00F04C7F /* HoverButton.swift */; };
		47C0B8D7291F288600F04C7F /* ButtonStyles.swift in Sources */ = {isa = PBXBuildFile; fileRef = 47C0B8D6291F288600F04C7F /* ButtonStyles.swift */; };
		47F5563A2929AE3F00CCB9B4 /* DeviceService.swift in Sources */ = {isa = PBXBuildFile; fileRef = 47F556392929AE3F00CCB9B4 /* DeviceService.swift */; };
		47F5563C2929AEC000CCB9B4 /* Device.swift in Sources */ = {isa = PBXBuildFile; fileRef = 47F5563B2929AEC000CCB9B4 /* Device.swift */; };
		47F5563E2929B05000CCB9B4 /* FamilyActivity+String.swift in Sources */ = {isa = PBXBuildFile; fileRef = 47F5563D2929B05000CCB9B4 /* FamilyActivity+String.swift */; };
		47F556402929B17500CCB9B4 /* MyManagedSettings.swift in Sources */ = {isa = PBXBuildFile; fileRef = 47F5563F2929B17500CCB9B4 /* MyManagedSettings.swift */; };
		47F556422929B27A00CCB9B4 /* ManagedSettingsStore+isShieldOpen.swift in Sources */ = {isa = PBXBuildFile; fileRef = 47F556412929B27A00CCB9B4 /* ManagedSettingsStore+isShieldOpen.swift */; };
		47FE9F83292B01B00062B1A6 /* UpdateAvailableView.swift in Sources */ = {isa = PBXBuildFile; fileRef = 47FE9F82292B01B00062B1A6 /* UpdateAvailableView.swift */; };
		47FE9F85292B4C870062B1A6 /* Feature.swift in Sources */ = {isa = PBXBuildFile; fileRef = 47FE9F84292B4C870062B1A6 /* Feature.swift */; };
/* End PBXBuildFile section */

/* Begin PBXContainerItemProxy section */
		47050749291F5ED0007996FF /* PBXContainerItemProxy */ = {
			isa = PBXContainerItemProxy;
			containerPortal = 47572D5B2914CE9500793CF4 /* Project object */;
			proxyType = 1;
			remoteGlobalIDString = 4705073D291F5ED0007996FF;
			remoteInfo = shield;
		};
		4705075B291F6050007996FF /* PBXContainerItemProxy */ = {
			isa = PBXContainerItemProxy;
			containerPortal = 47572D5B2914CE9500793CF4 /* Project object */;
			proxyType = 1;
			remoteGlobalIDString = 47050753291F6050007996FF;
			remoteInfo = shieldaction;
		};
		4705076D291F60B3007996FF /* PBXContainerItemProxy */ = {
			isa = PBXContainerItemProxy;
			containerPortal = 47572D5B2914CE9500793CF4 /* Project object */;
			proxyType = 1;
			remoteGlobalIDString = 47050764291F60B3007996FF;
			remoteInfo = "activity-monitor";
		};
		47572D7A2914CE9600793CF4 /* PBXContainerItemProxy */ = {
			isa = PBXContainerItemProxy;
			containerPortal = 47572D5B2914CE9500793CF4 /* Project object */;
			proxyType = 1;
			remoteGlobalIDString = 47572D622914CE9500793CF4;
			remoteInfo = "timewellspent-ios";
		};
		47572D842914CE9600793CF4 /* PBXContainerItemProxy */ = {
			isa = PBXContainerItemProxy;
			containerPortal = 47572D5B2914CE9500793CF4 /* Project object */;
			proxyType = 1;
			remoteGlobalIDString = 47572D622914CE9500793CF4;
			remoteInfo = "timewellspent-ios";
		};
/* End PBXContainerItemProxy section */

/* Begin PBXCopyFilesBuildPhase section */
		4705074F291F5ED1007996FF /* Embed Foundation Extensions */ = {
			isa = PBXCopyFilesBuildPhase;
			buildActionMask = 2147483647;
			dstPath = "";
			dstSubfolderSpec = 13;
			files = (
				4705074B291F5ED0007996FF /* shield.appex in Embed Foundation Extensions */,
				4705076F291F60B3007996FF /* activity-monitor.appex in Embed Foundation Extensions */,
				4705075D291F6050007996FF /* shieldaction.appex in Embed Foundation Extensions */,
			);
			name = "Embed Foundation Extensions";
			runOnlyForDeploymentPostprocessing = 0;
		};
/* End PBXCopyFilesBuildPhase section */

/* Begin PBXFileReference section */
		47050738291F460C007996FF /* LaunchScreen.storyboard */ = {isa = PBXFileReference; lastKnownFileType = file.storyboard; path = LaunchScreen.storyboard; sourceTree = "<group>"; };
		4705073E291F5ED0007996FF /* shield.appex */ = {isa = PBXFileReference; explicitFileType = "wrapper.app-extension"; includeInIndex = 0; path = shield.appex; sourceTree = BUILT_PRODUCTS_DIR; };
		47050740291F5ED0007996FF /* ManagedSettings.framework */ = {isa = PBXFileReference; lastKnownFileType = wrapper.framework; name = ManagedSettings.framework; path = System/Library/Frameworks/ManagedSettings.framework; sourceTree = SDKROOT; };
		47050742291F5ED0007996FF /* ManagedSettingsUI.framework */ = {isa = PBXFileReference; lastKnownFileType = wrapper.framework; name = ManagedSettingsUI.framework; path = Library/Frameworks/ManagedSettingsUI.framework; sourceTree = DEVELOPER_DIR; };
		47050745291F5ED0007996FF /* ShieldConfigurationExtension.swift */ = {isa = PBXFileReference; lastKnownFileType = sourcecode.swift; path = ShieldConfigurationExtension.swift; sourceTree = "<group>"; };
		47050747291F5ED0007996FF /* Info.plist */ = {isa = PBXFileReference; lastKnownFileType = text.plist.xml; path = Info.plist; sourceTree = "<group>"; };
		47050748291F5ED0007996FF /* shield.entitlements */ = {isa = PBXFileReference; lastKnownFileType = text.plist.entitlements; path = shield.entitlements; sourceTree = "<group>"; };
		47050754291F6050007996FF /* shieldaction.appex */ = {isa = PBXFileReference; explicitFileType = "wrapper.app-extension"; includeInIndex = 0; path = shieldaction.appex; sourceTree = BUILT_PRODUCTS_DIR; };
		47050757291F6050007996FF /* ShieldActionExtension.swift */ = {isa = PBXFileReference; lastKnownFileType = sourcecode.swift; path = ShieldActionExtension.swift; sourceTree = "<group>"; };
		47050759291F6050007996FF /* Info.plist */ = {isa = PBXFileReference; lastKnownFileType = text.plist.xml; path = Info.plist; sourceTree = "<group>"; };
		4705075A291F6050007996FF /* shieldaction.entitlements */ = {isa = PBXFileReference; lastKnownFileType = text.plist.entitlements; path = shieldaction.entitlements; sourceTree = "<group>"; };
		47050765291F60B3007996FF /* activity-monitor.appex */ = {isa = PBXFileReference; explicitFileType = "wrapper.app-extension"; includeInIndex = 0; path = "activity-monitor.appex"; sourceTree = BUILT_PRODUCTS_DIR; };
		47050766291F60B3007996FF /* DeviceActivity.framework */ = {isa = PBXFileReference; lastKnownFileType = wrapper.framework; name = DeviceActivity.framework; path = System/Library/Frameworks/DeviceActivity.framework; sourceTree = SDKROOT; };
		47050769291F60B3007996FF /* DeviceActivityMonitorExtension.swift */ = {isa = PBXFileReference; lastKnownFileType = sourcecode.swift; path = DeviceActivityMonitorExtension.swift; sourceTree = "<group>"; };
		4705076B291F60B3007996FF /* Info.plist */ = {isa = PBXFileReference; lastKnownFileType = text.plist.xml; path = Info.plist; sourceTree = "<group>"; };
		4705076C291F60B3007996FF /* activity_monitor.entitlements */ = {isa = PBXFileReference; lastKnownFileType = text.plist.entitlements; path = activity_monitor.entitlements; sourceTree = "<group>"; };
		47183C522929BC7A00AB6A38 /* DurationPickerView.swift */ = {isa = PBXFileReference; lastKnownFileType = sourcecode.swift; path = DurationPickerView.swift; sourceTree = "<group>"; };
		47183C542929E3F700AB6A38 /* MultiComponentPicker.swift */ = {isa = PBXFileReference; lastKnownFileType = sourcecode.swift; path = MultiComponentPicker.swift; sourceTree = "<group>"; };
		47183C5A2929EF2A00AB6A38 /* AppPickerView.swift */ = {isa = PBXFileReference; lastKnownFileType = sourcecode.swift; path = AppPickerView.swift; sourceTree = "<group>"; };
		47183C5C2929F11F00AB6A38 /* Color+Hex.swift */ = {isa = PBXFileReference; lastKnownFileType = sourcecode.swift; path = "Color+Hex.swift"; sourceTree = "<group>"; };
		47183C5E2929F16600AB6A38 /* Constants.swift */ = {isa = PBXFileReference; lastKnownFileType = sourcecode.swift; path = Constants.swift; sourceTree = "<group>"; };
		47183C60292A009400AB6A38 /* DemoView.swift */ = {isa = PBXFileReference; lastKnownFileType = sourcecode.swift; path = DemoView.swift; sourceTree = "<group>"; };
		47183C62292A939800AB6A38 /* AppStoreReviewManager.swift */ = {isa = PBXFileReference; lastKnownFileType = sourcecode.swift; path = AppStoreReviewManager.swift; sourceTree = "<group>"; };
		47183C64292A967300AB6A38 /* RemoteConfig.swift */ = {isa = PBXFileReference; lastKnownFileType = sourcecode.swift; path = RemoteConfig.swift; sourceTree = "<group>"; };
		47183C66292A9F6F00AB6A38 /* smileberry.png */ = {isa = PBXFileReference; lastKnownFileType = image.png; name = smileberry.png; path = "../../../../../Volumes/GoogleDrive/내 드라이브/LeaveyLabs/timewellspent/smileberry.png"; sourceTree = "<group>"; };
		47183C68292ADB0800AB6A38 /* MindfulnessDurationPickerView.swift */ = {isa = PBXFileReference; lastKnownFileType = sourcecode.swift; path = MindfulnessDurationPickerView.swift; sourceTree = "<group>"; };
		47183C6B292AE02900AB6A38 /* CustomizeNotificationsView.swift */ = {isa = PBXFileReference; lastKnownFileType = sourcecode.swift; path = CustomizeNotificationsView.swift; sourceTree = "<group>"; };
		4726B91829208B4700C43C28 /* MeditationView.swift */ = {isa = PBXFileReference; lastKnownFileType = sourcecode.swift; path = MeditationView.swift; sourceTree = "<group>"; };
		4726B91B2920A65D00C43C28 /* DeviceConstants.swift */ = {isa = PBXFileReference; lastKnownFileType = sourcecode.swift; path = DeviceConstants.swift; sourceTree = "<group>"; };
		4726B91D2920A6E300C43C28 /* View+PreviewDevice.swift */ = {isa = PBXFileReference; lastKnownFileType = sourcecode.swift; path = "View+PreviewDevice.swift"; sourceTree = "<group>"; };
		4733245C291F892500D3E616 /* GoogleService-Info.plist */ = {isa = PBXFileReference; fileEncoding = 4; lastKnownFileType = text.plist.xml; path = "GoogleService-Info.plist"; sourceTree = "<group>"; };
		4750E6C529202A45000A1F62 /* pawpatroldog-nobg.png */ = {isa = PBXFileReference; lastKnownFileType = image.png; path = "pawpatroldog-nobg.png"; sourceTree = "<group>"; };
		47572D632914CE9500793CF4 /* timewellspent-ios.app */ = {isa = PBXFileReference; explicitFileType = wrapper.application; includeInIndex = 0; path = "timewellspent-ios.app"; sourceTree = BUILT_PRODUCTS_DIR; };
		47572D662914CE9500793CF4 /* App.swift */ = {isa = PBXFileReference; lastKnownFileType = sourcecode.swift; path = App.swift; sourceTree = "<group>"; };
		47572D682914CE9500793CF4 /* Persistence.swift */ = {isa = PBXFileReference; lastKnownFileType = sourcecode.swift; path = Persistence.swift; sourceTree = "<group>"; };
		47572D6B2914CE9500793CF4 /* timewellspent_ios.xcdatamodel */ = {isa = PBXFileReference; lastKnownFileType = wrapper.xcdatamodel; path = timewellspent_ios.xcdatamodel; sourceTree = "<group>"; };
		47572D6D2914CE9500793CF4 /* ContentViewP.swift */ = {isa = PBXFileReference; lastKnownFileType = sourcecode.swift; path = ContentViewP.swift; sourceTree = "<group>"; };
		47572D6F2914CE9600793CF4 /* Assets.xcassets */ = {isa = PBXFileReference; lastKnownFileType = folder.assetcatalog; path = Assets.xcassets; sourceTree = "<group>"; };
		47572D712914CE9600793CF4 /* timewellspent_ios.entitlements */ = {isa = PBXFileReference; lastKnownFileType = text.plist.entitlements; path = timewellspent_ios.entitlements; sourceTree = "<group>"; };
		47572D732914CE9600793CF4 /* Preview Assets.xcassets */ = {isa = PBXFileReference; lastKnownFileType = folder.assetcatalog; path = "Preview Assets.xcassets"; sourceTree = "<group>"; };
		47572D792914CE9600793CF4 /* timewellspent-iosTests.xctest */ = {isa = PBXFileReference; explicitFileType = wrapper.cfbundle; includeInIndex = 0; path = "timewellspent-iosTests.xctest"; sourceTree = BUILT_PRODUCTS_DIR; };
		47572D7D2914CE9600793CF4 /* timewellspent_iosTests.swift */ = {isa = PBXFileReference; lastKnownFileType = sourcecode.swift; path = timewellspent_iosTests.swift; sourceTree = "<group>"; };
		47572D832914CE9600793CF4 /* timewellspent-iosUITests.xctest */ = {isa = PBXFileReference; explicitFileType = wrapper.cfbundle; includeInIndex = 0; path = "timewellspent-iosUITests.xctest"; sourceTree = BUILT_PRODUCTS_DIR; };
		47572D872914CE9600793CF4 /* timewellspent_iosUITests.swift */ = {isa = PBXFileReference; lastKnownFileType = sourcecode.swift; path = timewellspent_iosUITests.swift; sourceTree = "<group>"; };
		47572D892914CE9600793CF4 /* timewellspent_iosUITestsLaunchTests.swift */ = {isa = PBXFileReference; lastKnownFileType = sourcecode.swift; path = timewellspent_iosUITestsLaunchTests.swift; sourceTree = "<group>"; };
		477740F929208A3200B0F795 /* ContentView.swift */ = {isa = PBXFileReference; lastKnownFileType = sourcecode.swift; path = ContentView.swift; sourceTree = "<group>"; };
		47AFCE6D2926B1E400E47FCD /* View+Hidden.swift */ = {isa = PBXFileReference; lastKnownFileType = sourcecode.swift; path = "View+Hidden.swift"; sourceTree = "<group>"; };
		47AFCE6F2926B82E00E47FCD /* Environments.swift */ = {isa = PBXFileReference; lastKnownFileType = sourcecode.swift; path = Environments.swift; sourceTree = "<group>"; };
		47AFCE7C2926EF4100E47FCD /* Session.swift */ = {isa = PBXFileReference; lastKnownFileType = sourcecode.swift; path = Session.swift; sourceTree = "<group>"; };
		47AFCE7E2926EF5700E47FCD /* Encodable+Dict.swift */ = {isa = PBXFileReference; lastKnownFileType = sourcecode.swift; path = "Encodable+Dict.swift"; sourceTree = "<group>"; };
		47AFCE822926F0CE00E47FCD /* AppGroupData.swift */ = {isa = PBXFileReference; lastKnownFileType = sourcecode.swift; path = AppGroupData.swift; sourceTree = "<group>"; };
		47AFCE87292867D000E47FCD /* CustomizeView.swift */ = {isa = PBXFileReference; lastKnownFileType = sourcecode.swift; path = CustomizeView.swift; sourceTree = "<group>"; };
		47C0B8BF291E9CC100F04C7F /* AppDelegate.swift */ = {isa = PBXFileReference; lastKnownFileType = sourcecode.swift; path = AppDelegate.swift; sourceTree = "<group>"; };
		47C0B8C2291E9D2700F04C7F /* MyManagedSettingsService.swift */ = {isa = PBXFileReference; fileEncoding = 4; lastKnownFileType = sourcecode.swift; path = MyManagedSettingsService.swift; sourceTree = "<group>"; };
		47C0B8C5291E9D2700F04C7F /* HomeView.swift */ = {isa = PBXFileReference; fileEncoding = 4; lastKnownFileType = sourcecode.swift; path = HomeView.swift; sourceTree = "<group>"; };
		47C0B8CA291E9D4800F04C7F /* MySchedules.swift */ = {isa = PBXFileReference; lastKnownFileType = sourcecode.swift; path = MySchedules.swift; sourceTree = "<group>"; };
		47C0B8D0291E9FA200F04C7F /* CircleImageUIView.swift */ = {isa = PBXFileReference; lastKnownFileType = sourcecode.swift; path = CircleImageUIView.swift; sourceTree = "<group>"; };
		47C0B8D2291ECDEA00F04C7F /* FavoriteButton.swift */ = {isa = PBXFileReference; lastKnownFileType = sourcecode.swift; path = FavoriteButton.swift; sourceTree = "<group>"; };
		47C0B8D4291EEA4F00F04C7F /* HoverButton.swift */ = {isa = PBXFileReference; lastKnownFileType = sourcecode.swift; path = HoverButton.swift; sourceTree = "<group>"; };
		47C0B8D6291F288600F04C7F /* ButtonStyles.swift */ = {isa = PBXFileReference; lastKnownFileType = sourcecode.swift; path = ButtonStyles.swift; sourceTree = "<group>"; };
		47E46BB2291F35020036CC22 /* Info.plist */ = {isa = PBXFileReference; lastKnownFileType = text.plist; path = Info.plist; sourceTree = "<group>"; };
		47F556392929AE3F00CCB9B4 /* DeviceService.swift */ = {isa = PBXFileReference; lastKnownFileType = sourcecode.swift; path = DeviceService.swift; sourceTree = "<group>"; };
		47F5563B2929AEC000CCB9B4 /* Device.swift */ = {isa = PBXFileReference; fileEncoding = 4; lastKnownFileType = sourcecode.swift; path = Device.swift; sourceTree = "<group>"; };
		47F5563D2929B05000CCB9B4 /* FamilyActivity+String.swift */ = {isa = PBXFileReference; lastKnownFileType = sourcecode.swift; path = "FamilyActivity+String.swift"; sourceTree = "<group>"; };
		47F5563F2929B17500CCB9B4 /* MyManagedSettings.swift */ = {isa = PBXFileReference; lastKnownFileType = sourcecode.swift; path = MyManagedSettings.swift; sourceTree = "<group>"; };
		47F556412929B27A00CCB9B4 /* ManagedSettingsStore+isShieldOpen.swift */ = {isa = PBXFileReference; lastKnownFileType = sourcecode.swift; path = "ManagedSettingsStore+isShieldOpen.swift"; sourceTree = "<group>"; };
		47FE9F82292B01B00062B1A6 /* UpdateAvailableView.swift */ = {isa = PBXFileReference; lastKnownFileType = sourcecode.swift; path = UpdateAvailableView.swift; sourceTree = "<group>"; };
		47FE9F84292B4C870062B1A6 /* Feature.swift */ = {isa = PBXFileReference; lastKnownFileType = sourcecode.swift; path = Feature.swift; sourceTree = "<group>"; };
/* End PBXFileReference section */

/* Begin PBXFrameworksBuildPhase section */
		4705073B291F5ED0007996FF /* Frameworks */ = {
			isa = PBXFrameworksBuildPhase;
			buildActionMask = 2147483647;
			files = (
				47050741291F5ED0007996FF /* ManagedSettings.framework in Frameworks */,
				47050743291F5ED0007996FF /* ManagedSettingsUI.framework in Frameworks */,
			);
			runOnlyForDeploymentPostprocessing = 0;
		};
		47050751291F6050007996FF /* Frameworks */ = {
			isa = PBXFrameworksBuildPhase;
			buildActionMask = 2147483647;
			files = (
				47050755291F6050007996FF /* ManagedSettings.framework in Frameworks */,
			);
			runOnlyForDeploymentPostprocessing = 0;
		};
		47050762291F60B3007996FF /* Frameworks */ = {
			isa = PBXFrameworksBuildPhase;
			buildActionMask = 2147483647;
			files = (
				47050767291F60B3007996FF /* DeviceActivity.framework in Frameworks */,
				47AFCE7A2926C52000E47FCD /* FirebaseFirestore in Frameworks */,
			);
			runOnlyForDeploymentPostprocessing = 0;
		};
		47572D602914CE9500793CF4 /* Frameworks */ = {
			isa = PBXFrameworksBuildPhase;
			buildActionMask = 2147483647;
			files = (
				47183C6E292AF6B800AB6A38 /* FirebaseRemoteConfig in Frameworks */,
				47183C70292AF6B800AB6A38 /* FirebaseRemoteConfigSwift in Frameworks */,
				47AFCE762926C4CA00E47FCD /* FirebaseFirestore in Frameworks */,
				47AFCE782926C4CA00E47FCD /* FirebaseFirestoreSwift in Frameworks */,
			);
			runOnlyForDeploymentPostprocessing = 0;
		};
		47572D762914CE9600793CF4 /* Frameworks */ = {
			isa = PBXFrameworksBuildPhase;
			buildActionMask = 2147483647;
			files = (
			);
			runOnlyForDeploymentPostprocessing = 0;
		};
		47572D802914CE9600793CF4 /* Frameworks */ = {
			isa = PBXFrameworksBuildPhase;
			buildActionMask = 2147483647;
			files = (
			);
			runOnlyForDeploymentPostprocessing = 0;
		};
/* End PBXFrameworksBuildPhase section */

/* Begin PBXGroup section */
		4705073F291F5ED0007996FF /* Frameworks */ = {
			isa = PBXGroup;
			children = (
				47050740291F5ED0007996FF /* ManagedSettings.framework */,
				47050742291F5ED0007996FF /* ManagedSettingsUI.framework */,
				47050766291F60B3007996FF /* DeviceActivity.framework */,
			);
			name = Frameworks;
			sourceTree = "<group>";
		};
		47050744291F5ED0007996FF /* shield */ = {
			isa = PBXGroup;
			children = (
				4750E6C529202A45000A1F62 /* pawpatroldog-nobg.png */,
				47183C66292A9F6F00AB6A38 /* smileberry.png */,
				47050745291F5ED0007996FF /* ShieldConfigurationExtension.swift */,
				47050747291F5ED0007996FF /* Info.plist */,
				47050748291F5ED0007996FF /* shield.entitlements */,
			);
			path = shield;
			sourceTree = "<group>";
		};
		47050756291F6050007996FF /* shieldaction */ = {
			isa = PBXGroup;
			children = (
				47050757291F6050007996FF /* ShieldActionExtension.swift */,
				47050759291F6050007996FF /* Info.plist */,
				4705075A291F6050007996FF /* shieldaction.entitlements */,
			);
			path = shieldaction;
			sourceTree = "<group>";
		};
		47050768291F60B3007996FF /* activity-monitor */ = {
			isa = PBXGroup;
			children = (
				47050769291F60B3007996FF /* DeviceActivityMonitorExtension.swift */,
				4705076B291F60B3007996FF /* Info.plist */,
				4705076C291F60B3007996FF /* activity_monitor.entitlements */,
			);
			path = "activity-monitor";
			sourceTree = "<group>";
		};
		47183C582929EDB000AB6A38 /* ComponentViews */ = {
			isa = PBXGroup;
			children = (
				47C0B8D6291F288600F04C7F /* ButtonStyles.swift */,
				47183C542929E3F700AB6A38 /* MultiComponentPicker.swift */,
				47C0B8D4291EEA4F00F04C7F /* HoverButton.swift */,
				47C0B8D2291ECDEA00F04C7F /* FavoriteButton.swift */,
				47C0B8D0291E9FA200F04C7F /* CircleImageUIView.swift */,
			);
			path = ComponentViews;
			sourceTree = "<group>";
		};
		47183C592929EDC800AB6A38 /* Screens */ = {
			isa = PBXGroup;
			children = (
				47C0B8C5291E9D2700F04C7F /* HomeView.swift */,
				4726B91829208B4700C43C28 /* MeditationView.swift */,
				47183C60292A009400AB6A38 /* DemoView.swift */,
				47183C6A292ADFEA00AB6A38 /* CustomizeModals */,
			);
			path = Screens;
			sourceTree = "<group>";
		};
		47183C6A292ADFEA00AB6A38 /* CustomizeModals */ = {
			isa = PBXGroup;
			children = (
				47AFCE87292867D000E47FCD /* CustomizeView.swift */,
				47183C522929BC7A00AB6A38 /* DurationPickerView.swift */,
				47183C5A2929EF2A00AB6A38 /* AppPickerView.swift */,
				47183C68292ADB0800AB6A38 /* MindfulnessDurationPickerView.swift */,
				47183C6B292AE02900AB6A38 /* CustomizeNotificationsView.swift */,
			);
			path = CustomizeModals;
			sourceTree = "<group>";
		};
		4726B91A2920A65200C43C28 /* Constants */ = {
			isa = PBXGroup;
			children = (
				47183C64292A967300AB6A38 /* RemoteConfig.swift */,
				47183C5E2929F16600AB6A38 /* Constants.swift */,
			);
			path = Constants;
			sourceTree = "<group>";
		};
		47572D5A2914CE9500793CF4 = {
			isa = PBXGroup;
			children = (
				47572D652914CE9500793CF4 /* timewellspent-ios */,
				47572D7C2914CE9600793CF4 /* timewellspent-iosTests */,
				47572D862914CE9600793CF4 /* timewellspent-iosUITests */,
				47050744291F5ED0007996FF /* shield */,
				47050756291F6050007996FF /* shieldaction */,
				47050768291F60B3007996FF /* activity-monitor */,
				4705073F291F5ED0007996FF /* Frameworks */,
				47572D642914CE9500793CF4 /* Products */,
			);
			sourceTree = "<group>";
		};
		47572D642914CE9500793CF4 /* Products */ = {
			isa = PBXGroup;
			children = (
				47572D632914CE9500793CF4 /* timewellspent-ios.app */,
				47572D792914CE9600793CF4 /* timewellspent-iosTests.xctest */,
				47572D832914CE9600793CF4 /* timewellspent-iosUITests.xctest */,
				4705073E291F5ED0007996FF /* shield.appex */,
				47050754291F6050007996FF /* shieldaction.appex */,
				47050765291F60B3007996FF /* activity-monitor.appex */,
			);
			name = Products;
			sourceTree = "<group>";
		};
		47572D652914CE9500793CF4 /* timewellspent-ios */ = {
			isa = PBXGroup;
			children = (
				4733245C291F892500D3E616 /* GoogleService-Info.plist */,
				47E46BB2291F35020036CC22 /* Info.plist */,
				47572D712914CE9600793CF4 /* timewellspent_ios.entitlements */,
				47572D6F2914CE9600793CF4 /* Assets.xcassets */,
				47572D6A2914CE9500793CF4 /* timewellspent_ios.xcdatamodeld */,
				47AFCE7B2926EF3800E47FCD /* Model */,
				47C0B8CE291E9DC500F04C7F /* View */,
				47C0B8CF291E9F0800F04C7F /* AdditionalFiles */,
				47C0B8BE291E9C9900F04C7F /* Persistence? */,
				47572D722914CE9600793CF4 /* Preview Content */,
			);
			path = "timewellspent-ios";
			sourceTree = "<group>";
		};
		47572D722914CE9600793CF4 /* Preview Content */ = {
			isa = PBXGroup;
			children = (
				4726B91B2920A65D00C43C28 /* DeviceConstants.swift */,
				4726B91D2920A6E300C43C28 /* View+PreviewDevice.swift */,
				47572D732914CE9600793CF4 /* Preview Assets.xcassets */,
			);
			path = "Preview Content";
			sourceTree = "<group>";
		};
		47572D7C2914CE9600793CF4 /* timewellspent-iosTests */ = {
			isa = PBXGroup;
			children = (
				47572D7D2914CE9600793CF4 /* timewellspent_iosTests.swift */,
			);
			path = "timewellspent-iosTests";
			sourceTree = "<group>";
		};
		47572D862914CE9600793CF4 /* timewellspent-iosUITests */ = {
			isa = PBXGroup;
			children = (
				47572D872914CE9600793CF4 /* timewellspent_iosUITests.swift */,
				47572D892914CE9600793CF4 /* timewellspent_iosUITestsLaunchTests.swift */,
			);
			path = "timewellspent-iosUITests";
			sourceTree = "<group>";
		};
		47AFCE6C2926B1D700E47FCD /* Extensions */ = {
			isa = PBXGroup;
			children = (
				47AFCE6D2926B1E400E47FCD /* View+Hidden.swift */,
				47AFCE7E2926EF5700E47FCD /* Encodable+Dict.swift */,
				47F5563D2929B05000CCB9B4 /* FamilyActivity+String.swift */,
				47F556412929B27A00CCB9B4 /* ManagedSettingsStore+isShieldOpen.swift */,
				47183C5C2929F11F00AB6A38 /* Color+Hex.swift */,
			);
			path = Extensions;
			sourceTree = "<group>";
		};
		47AFCE7B2926EF3800E47FCD /* Model */ = {
			isa = PBXGroup;
			children = (
				47C0B8C1291E9D2700F04C7F /* ScreenTime */,
				47F5563B2929AEC000CCB9B4 /* Device.swift */,
				47F556392929AE3F00CCB9B4 /* DeviceService.swift */,
				47AFCE822926F0CE00E47FCD /* AppGroupData.swift */,
				47AFCE7C2926EF4100E47FCD /* Session.swift */,
				47FE9F84292B4C870062B1A6 /* Feature.swift */,
			);
			path = Model;
			sourceTree = "<group>";
		};
		47C0B8BE291E9C9900F04C7F /* Persistence? */ = {
			isa = PBXGroup;
			children = (
				47572D6D2914CE9500793CF4 /* ContentViewP.swift */,
				47572D682914CE9500793CF4 /* Persistence.swift */,
			);
			path = "Persistence?";
			sourceTree = "<group>";
		};
		47C0B8C1291E9D2700F04C7F /* ScreenTime */ = {
			isa = PBXGroup;
			children = (
				47F5563F2929B17500CCB9B4 /* MyManagedSettings.swift */,
				47C0B8C2291E9D2700F04C7F /* MyManagedSettingsService.swift */,
				47C0B8CA291E9D4800F04C7F /* MySchedules.swift */,
			);
			path = ScreenTime;
			sourceTree = "<group>";
		};
		47C0B8CE291E9DC500F04C7F /* View */ = {
			isa = PBXGroup;
			children = (
				47572D662914CE9500793CF4 /* App.swift */,
				477740F929208A3200B0F795 /* ContentView.swift */,
				47FE9F82292B01B00062B1A6 /* UpdateAvailableView.swift */,
				47183C592929EDC800AB6A38 /* Screens */,
				47183C582929EDB000AB6A38 /* ComponentViews */,
				47AFCE6F2926B82E00E47FCD /* Environments.swift */,
				47050738291F460C007996FF /* LaunchScreen.storyboard */,
			);
			path = View;
			sourceTree = "<group>";
		};
		47C0B8CF291E9F0800F04C7F /* AdditionalFiles */ = {
			isa = PBXGroup;
			children = (
				47183C62292A939800AB6A38 /* AppStoreReviewManager.swift */,
				47C0B8BF291E9CC100F04C7F /* AppDelegate.swift */,
				4726B91A2920A65200C43C28 /* Constants */,
				47AFCE6C2926B1D700E47FCD /* Extensions */,
			);
			path = AdditionalFiles;
			sourceTree = "<group>";
		};
/* End PBXGroup section */

/* Begin PBXNativeTarget section */
		4705073D291F5ED0007996FF /* shield */ = {
			isa = PBXNativeTarget;
			buildConfigurationList = 4705074C291F5ED1007996FF /* Build configuration list for PBXNativeTarget "shield" */;
			buildPhases = (
				4705073A291F5ED0007996FF /* Sources */,
				4705073B291F5ED0007996FF /* Frameworks */,
				4705073C291F5ED0007996FF /* Resources */,
			);
			buildRules = (
			);
			dependencies = (
			);
			name = shield;
			productName = shield;
			productReference = 4705073E291F5ED0007996FF /* shield.appex */;
			productType = "com.apple.product-type.app-extension";
		};
		47050753291F6050007996FF /* shieldaction */ = {
			isa = PBXNativeTarget;
			buildConfigurationList = 4705075E291F6050007996FF /* Build configuration list for PBXNativeTarget "shieldaction" */;
			buildPhases = (
				47050750291F6050007996FF /* Sources */,
				47050751291F6050007996FF /* Frameworks */,
				47050752291F6050007996FF /* Resources */,
			);
			buildRules = (
			);
			dependencies = (
			);
			name = shieldaction;
			packageProductDependencies = (
			);
			productName = shieldaction;
			productReference = 47050754291F6050007996FF /* shieldaction.appex */;
			productType = "com.apple.product-type.app-extension";
		};
		47050764291F60B3007996FF /* activity-monitor */ = {
			isa = PBXNativeTarget;
			buildConfigurationList = 47050770291F60B3007996FF /* Build configuration list for PBXNativeTarget "activity-monitor" */;
			buildPhases = (
				47050761291F60B3007996FF /* Sources */,
				47050762291F60B3007996FF /* Frameworks */,
				47050763291F60B3007996FF /* Resources */,
			);
			buildRules = (
			);
			dependencies = (
			);
			name = "activity-monitor";
			packageProductDependencies = (
				47AFCE792926C52000E47FCD /* FirebaseFirestore */,
			);
			productName = "activity-monitor";
			productReference = 47050765291F60B3007996FF /* activity-monitor.appex */;
			productType = "com.apple.product-type.app-extension";
		};
		47572D622914CE9500793CF4 /* timewellspent-ios */ = {
			isa = PBXNativeTarget;
			buildConfigurationList = 47572D8D2914CE9600793CF4 /* Build configuration list for PBXNativeTarget "timewellspent-ios" */;
			buildPhases = (
				47572D5F2914CE9500793CF4 /* Sources */,
				47572D602914CE9500793CF4 /* Frameworks */,
				47572D612914CE9500793CF4 /* Resources */,
				4705074F291F5ED1007996FF /* Embed Foundation Extensions */,
			);
			buildRules = (
			);
			dependencies = (
				4705074A291F5ED0007996FF /* PBXTargetDependency */,
				4705075C291F6050007996FF /* PBXTargetDependency */,
				4705076E291F60B3007996FF /* PBXTargetDependency */,
			);
			name = "timewellspent-ios";
			packageProductDependencies = (
				47AFCE752926C4CA00E47FCD /* FirebaseFirestore */,
				47AFCE772926C4CA00E47FCD /* FirebaseFirestoreSwift */,
				47183C6D292AF6B800AB6A38 /* FirebaseRemoteConfig */,
				47183C6F292AF6B800AB6A38 /* FirebaseRemoteConfigSwift */,
			);
			productName = "timewellspent-ios";
			productReference = 47572D632914CE9500793CF4 /* timewellspent-ios.app */;
			productType = "com.apple.product-type.application";
		};
		47572D782914CE9600793CF4 /* timewellspent-iosTests */ = {
			isa = PBXNativeTarget;
			buildConfigurationList = 47572D902914CE9600793CF4 /* Build configuration list for PBXNativeTarget "timewellspent-iosTests" */;
			buildPhases = (
				47572D752914CE9600793CF4 /* Sources */,
				47572D762914CE9600793CF4 /* Frameworks */,
				47572D772914CE9600793CF4 /* Resources */,
			);
			buildRules = (
			);
			dependencies = (
				47572D7B2914CE9600793CF4 /* PBXTargetDependency */,
			);
			name = "timewellspent-iosTests";
			productName = "timewellspent-iosTests";
			productReference = 47572D792914CE9600793CF4 /* timewellspent-iosTests.xctest */;
			productType = "com.apple.product-type.bundle.unit-test";
		};
		47572D822914CE9600793CF4 /* timewellspent-iosUITests */ = {
			isa = PBXNativeTarget;
			buildConfigurationList = 47572D932914CE9600793CF4 /* Build configuration list for PBXNativeTarget "timewellspent-iosUITests" */;
			buildPhases = (
				47572D7F2914CE9600793CF4 /* Sources */,
				47572D802914CE9600793CF4 /* Frameworks */,
				47572D812914CE9600793CF4 /* Resources */,
			);
			buildRules = (
			);
			dependencies = (
				47572D852914CE9600793CF4 /* PBXTargetDependency */,
			);
			name = "timewellspent-iosUITests";
			productName = "timewellspent-iosUITests";
			productReference = 47572D832914CE9600793CF4 /* timewellspent-iosUITests.xctest */;
			productType = "com.apple.product-type.bundle.ui-testing";
		};
/* End PBXNativeTarget section */

/* Begin PBXProject section */
		47572D5B2914CE9500793CF4 /* Project object */ = {
			isa = PBXProject;
			attributes = {
				BuildIndependentTargetsInParallel = 1;
				LastSwiftUpdateCheck = 1410;
				LastUpgradeCheck = 1410;
				TargetAttributes = {
					4705073D291F5ED0007996FF = {
						CreatedOnToolsVersion = 14.1;
					};
					47050753291F6050007996FF = {
						CreatedOnToolsVersion = 14.1;
					};
					47050764291F60B3007996FF = {
						CreatedOnToolsVersion = 14.1;
					};
					47572D622914CE9500793CF4 = {
						CreatedOnToolsVersion = 14.1;
					};
					47572D782914CE9600793CF4 = {
						CreatedOnToolsVersion = 14.1;
						TestTargetID = 47572D622914CE9500793CF4;
					};
					47572D822914CE9600793CF4 = {
						CreatedOnToolsVersion = 14.1;
						TestTargetID = 47572D622914CE9500793CF4;
					};
				};
			};
			buildConfigurationList = 47572D5E2914CE9500793CF4 /* Build configuration list for PBXProject "timewellspent-ios" */;
			compatibilityVersion = "Xcode 14.0";
			developmentRegion = en;
			hasScannedForEncodings = 0;
			knownRegions = (
				en,
				Base,
			);
			mainGroup = 47572D5A2914CE9500793CF4;
			packageReferences = (
				47AFCE742926C4CA00E47FCD /* XCRemoteSwiftPackageReference "firebase-ios-sdk" */,
			);
			productRefGroup = 47572D642914CE9500793CF4 /* Products */;
			projectDirPath = "";
			projectRoot = "";
			targets = (
				47572D622914CE9500793CF4 /* timewellspent-ios */,
				47572D782914CE9600793CF4 /* timewellspent-iosTests */,
				47572D822914CE9600793CF4 /* timewellspent-iosUITests */,
				4705073D291F5ED0007996FF /* shield */,
				47050753291F6050007996FF /* shieldaction */,
				47050764291F60B3007996FF /* activity-monitor */,
			);
		};
/* End PBXProject section */

/* Begin PBXResourcesBuildPhase section */
		4705073C291F5ED0007996FF /* Resources */ = {
			isa = PBXResourcesBuildPhase;
			buildActionMask = 2147483647;
			files = (
				4750E6C629202A45000A1F62 /* pawpatroldog-nobg.png in Resources */,
				47332460291F892500D3E616 /* GoogleService-Info.plist in Resources */,
				47183C67292A9F6F00AB6A38 /* smileberry.png in Resources */,
			);
			runOnlyForDeploymentPostprocessing = 0;
		};
		47050752291F6050007996FF /* Resources */ = {
			isa = PBXResourcesBuildPhase;
			buildActionMask = 2147483647;
			files = (
				47332461291F892500D3E616 /* GoogleService-Info.plist in Resources */,
			);
			runOnlyForDeploymentPostprocessing = 0;
		};
		47050763291F60B3007996FF /* Resources */ = {
			isa = PBXResourcesBuildPhase;
			buildActionMask = 2147483647;
			files = (
				47332462291F892500D3E616 /* GoogleService-Info.plist in Resources */,
			);
			runOnlyForDeploymentPostprocessing = 0;
		};
		47572D612914CE9500793CF4 /* Resources */ = {
			isa = PBXResourcesBuildPhase;
			buildActionMask = 2147483647;
			files = (
				47050739291F460C007996FF /* LaunchScreen.storyboard in Resources */,
				4733245D291F892500D3E616 /* GoogleService-Info.plist in Resources */,
				47572D742914CE9600793CF4 /* Preview Assets.xcassets in Resources */,
				47572D702914CE9600793CF4 /* Assets.xcassets in Resources */,
			);
			runOnlyForDeploymentPostprocessing = 0;
		};
		47572D772914CE9600793CF4 /* Resources */ = {
			isa = PBXResourcesBuildPhase;
			buildActionMask = 2147483647;
			files = (
				4733245E291F892500D3E616 /* GoogleService-Info.plist in Resources */,
			);
			runOnlyForDeploymentPostprocessing = 0;
		};
		47572D812914CE9600793CF4 /* Resources */ = {
			isa = PBXResourcesBuildPhase;
			buildActionMask = 2147483647;
			files = (
				4733245F291F892500D3E616 /* GoogleService-Info.plist in Resources */,
			);
			runOnlyForDeploymentPostprocessing = 0;
		};
/* End PBXResourcesBuildPhase section */

/* Begin PBXSourcesBuildPhase section */
		4705073A291F5ED0007996FF /* Sources */ = {
			isa = PBXSourcesBuildPhase;
			buildActionMask = 2147483647;
			files = (
				47050746291F5ED0007996FF /* ShieldConfigurationExtension.swift in Sources */,
			);
			runOnlyForDeploymentPostprocessing = 0;
		};
		47050750291F6050007996FF /* Sources */ = {
			isa = PBXSourcesBuildPhase;
			buildActionMask = 2147483647;
			files = (
				47050758291F6050007996FF /* ShieldActionExtension.swift in Sources */,
			);
			runOnlyForDeploymentPostprocessing = 0;
		};
		47050761291F60B3007996FF /* Sources */ = {
			isa = PBXSourcesBuildPhase;
			buildActionMask = 2147483647;
			files = (
				4705076A291F60B3007996FF /* DeviceActivityMonitorExtension.swift in Sources */,
				47AFCE842926F0D100E47FCD /* AppGroupData.swift in Sources */,
				47183C502929B86C00AB6A38 /* MyManagedSettingsService.swift in Sources */,
				47AFCE802926EF6F00E47FCD /* Encodable+Dict.swift in Sources */,
				47183C4F2929B86100AB6A38 /* MySchedules.swift in Sources */,
				47183C512929B86F00AB6A38 /* MyManagedSettings.swift in Sources */,
				47AFCE812926F0C300E47FCD /* Session.swift in Sources */,
				47183C562929E55600AB6A38 /* Device.swift in Sources */,
				47183C572929E55600AB6A38 /* DeviceService.swift in Sources */,
			);
			runOnlyForDeploymentPostprocessing = 0;
		};
		47572D5F2914CE9500793CF4 /* Sources */ = {
			isa = PBXSourcesBuildPhase;
			buildActionMask = 2147483647;
			files = (
				4726B91C2920A65D00C43C28 /* DeviceConstants.swift in Sources */,
				47C0B8D5291EEA4F00F04C7F /* HoverButton.swift in Sources */,
				47572D6C2914CE9500793CF4 /* timewellspent_ios.xcdatamodeld in Sources */,
				47F5563E2929B05000CCB9B4 /* FamilyActivity+String.swift in Sources */,
				4726B91929208B4700C43C28 /* MeditationView.swift in Sources */,
				47F556422929B27A00CCB9B4 /* ManagedSettingsStore+isShieldOpen.swift in Sources */,
				47183C65292A967300AB6A38 /* RemoteConfig.swift in Sources */,
				47572D672914CE9500793CF4 /* App.swift in Sources */,
				47183C5F2929F16600AB6A38 /* Constants.swift in Sources */,
				47C0B8C9291E9D2700F04C7F /* HomeView.swift in Sources */,
				47C0B8C6291E9D2700F04C7F /* MyManagedSettingsService.swift in Sources */,
				47572D6E2914CE9500793CF4 /* ContentViewP.swift in Sources */,
				47C0B8D3291ECDEA00F04C7F /* FavoriteButton.swift in Sources */,
				47C0B8C0291E9CC100F04C7F /* AppDelegate.swift in Sources */,
				47183C5B2929EF2A00AB6A38 /* AppPickerView.swift in Sources */,
				47FE9F83292B01B00062B1A6 /* UpdateAvailableView.swift in Sources */,
				47F5563A2929AE3F00CCB9B4 /* DeviceService.swift in Sources */,
				47AFCE88292867D000E47FCD /* CustomizeView.swift in Sources */,
				47183C69292ADB0800AB6A38 /* MindfulnessDurationPickerView.swift in Sources */,
				47183C532929BC7A00AB6A38 /* DurationPickerView.swift in Sources */,
				47183C63292A939800AB6A38 /* AppStoreReviewManager.swift in Sources */,
				47C0B8CB291E9D4800F04C7F /* MySchedules.swift in Sources */,
				47AFCE7F2926EF5700E47FCD /* Encodable+Dict.swift in Sources */,
				47183C6C292AE02900AB6A38 /* CustomizeNotificationsView.swift in Sources */,
				47FE9F85292B4C870062B1A6 /* Feature.swift in Sources */,
				47AFCE7D2926EF4100E47FCD /* Session.swift in Sources */,
				47F5563C2929AEC000CCB9B4 /* Device.swift in Sources */,
				47183C552929E3F700AB6A38 /* MultiComponentPicker.swift in Sources */,
				4726B91E2920A6E300C43C28 /* View+PreviewDevice.swift in Sources */,
				47C0B8D7291F288600F04C7F /* ButtonStyles.swift in Sources */,
				477740FA29208A3200B0F795 /* ContentView.swift in Sources */,
				47C0B8D1291E9FA200F04C7F /* CircleImageUIView.swift in Sources */,
				47AFCE702926B82E00E47FCD /* Environments.swift in Sources */,
				47572D692914CE9500793CF4 /* Persistence.swift in Sources */,
				47AFCE6E2926B1E400E47FCD /* View+Hidden.swift in Sources */,
				47F556402929B17500CCB9B4 /* MyManagedSettings.swift in Sources */,
				47AFCE832926F0CE00E47FCD /* AppGroupData.swift in Sources */,
				47183C61292A009400AB6A38 /* DemoView.swift in Sources */,
				47183C5D2929F11F00AB6A38 /* Color+Hex.swift in Sources */,
			);
			runOnlyForDeploymentPostprocessing = 0;
		};
		47572D752914CE9600793CF4 /* Sources */ = {
			isa = PBXSourcesBuildPhase;
			buildActionMask = 2147483647;
			files = (
				47572D7E2914CE9600793CF4 /* timewellspent_iosTests.swift in Sources */,
			);
			runOnlyForDeploymentPostprocessing = 0;
		};
		47572D7F2914CE9600793CF4 /* Sources */ = {
			isa = PBXSourcesBuildPhase;
			buildActionMask = 2147483647;
			files = (
				47572D8A2914CE9600793CF4 /* timewellspent_iosUITestsLaunchTests.swift in Sources */,
				47572D882914CE9600793CF4 /* timewellspent_iosUITests.swift in Sources */,
			);
			runOnlyForDeploymentPostprocessing = 0;
		};
/* End PBXSourcesBuildPhase section */

/* Begin PBXTargetDependency section */
		4705074A291F5ED0007996FF /* PBXTargetDependency */ = {
			isa = PBXTargetDependency;
			target = 4705073D291F5ED0007996FF /* shield */;
			targetProxy = 47050749291F5ED0007996FF /* PBXContainerItemProxy */;
		};
		4705075C291F6050007996FF /* PBXTargetDependency */ = {
			isa = PBXTargetDependency;
			target = 47050753291F6050007996FF /* shieldaction */;
			targetProxy = 4705075B291F6050007996FF /* PBXContainerItemProxy */;
		};
		4705076E291F60B3007996FF /* PBXTargetDependency */ = {
			isa = PBXTargetDependency;
			target = 47050764291F60B3007996FF /* activity-monitor */;
			targetProxy = 4705076D291F60B3007996FF /* PBXContainerItemProxy */;
		};
		47572D7B2914CE9600793CF4 /* PBXTargetDependency */ = {
			isa = PBXTargetDependency;
			target = 47572D622914CE9500793CF4 /* timewellspent-ios */;
			targetProxy = 47572D7A2914CE9600793CF4 /* PBXContainerItemProxy */;
		};
		47572D852914CE9600793CF4 /* PBXTargetDependency */ = {
			isa = PBXTargetDependency;
			target = 47572D622914CE9500793CF4 /* timewellspent-ios */;
			targetProxy = 47572D842914CE9600793CF4 /* PBXContainerItemProxy */;
		};
/* End PBXTargetDependency section */

/* Begin XCBuildConfiguration section */
		4705074D291F5ED1007996FF /* Debug */ = {
			isa = XCBuildConfiguration;
			buildSettings = {
				CODE_SIGN_ENTITLEMENTS = shield/shield.entitlements;
				CODE_SIGN_STYLE = Automatic;
				CURRENT_PROJECT_VERSION = 1;
				DEVELOPMENT_TEAM = SHD3A2G97F;
				GENERATE_INFOPLIST_FILE = YES;
				INFOPLIST_FILE = shield/Info.plist;
				INFOPLIST_KEY_CFBundleDisplayName = shield;
				INFOPLIST_KEY_NSHumanReadableCopyright = "";
				IPHONEOS_DEPLOYMENT_TARGET = 16.0;
				LD_RUNPATH_SEARCH_PATHS = (
					"$(inherited)",
					"@executable_path/Frameworks",
					"@executable_path/../../Frameworks",
				);
				MARKETING_VERSION = 0.0.1;
				PRODUCT_BUNDLE_IDENTIFIER = "leaveylabs.timewellspent-ios.shield";
				PRODUCT_NAME = "$(TARGET_NAME)";
				SDKROOT = iphoneos;
				SKIP_INSTALL = YES;
				SWIFT_EMIT_LOC_STRINGS = YES;
				SWIFT_VERSION = 5.0;
				TARGETED_DEVICE_FAMILY = 1;
			};
			name = Debug;
		};
		4705074E291F5ED1007996FF /* Release */ = {
			isa = XCBuildConfiguration;
			buildSettings = {
				CODE_SIGN_ENTITLEMENTS = shield/shield.entitlements;
				CODE_SIGN_STYLE = Automatic;
				CURRENT_PROJECT_VERSION = 1;
				DEVELOPMENT_TEAM = SHD3A2G97F;
				GENERATE_INFOPLIST_FILE = YES;
				INFOPLIST_FILE = shield/Info.plist;
				INFOPLIST_KEY_CFBundleDisplayName = shield;
				INFOPLIST_KEY_NSHumanReadableCopyright = "";
				IPHONEOS_DEPLOYMENT_TARGET = 16.0;
				LD_RUNPATH_SEARCH_PATHS = (
					"$(inherited)",
					"@executable_path/Frameworks",
					"@executable_path/../../Frameworks",
				);
				MARKETING_VERSION = 0.0.1;
				PRODUCT_BUNDLE_IDENTIFIER = "leaveylabs.timewellspent-ios.shield";
				PRODUCT_NAME = "$(TARGET_NAME)";
				SDKROOT = iphoneos;
				SKIP_INSTALL = YES;
				SWIFT_EMIT_LOC_STRINGS = YES;
				SWIFT_VERSION = 5.0;
				TARGETED_DEVICE_FAMILY = 1;
				VALIDATE_PRODUCT = YES;
			};
			name = Release;
		};
		4705075F291F6050007996FF /* Debug */ = {
			isa = XCBuildConfiguration;
			buildSettings = {
				CODE_SIGN_ENTITLEMENTS = shieldaction/shieldaction.entitlements;
				CODE_SIGN_STYLE = Automatic;
				CURRENT_PROJECT_VERSION = 1;
				DEVELOPMENT_TEAM = SHD3A2G97F;
				GENERATE_INFOPLIST_FILE = YES;
				INFOPLIST_FILE = shieldaction/Info.plist;
				INFOPLIST_KEY_CFBundleDisplayName = shieldaction;
				INFOPLIST_KEY_NSHumanReadableCopyright = "";
				IPHONEOS_DEPLOYMENT_TARGET = 16.0;
				LD_RUNPATH_SEARCH_PATHS = (
					"$(inherited)",
					"@executable_path/Frameworks",
					"@executable_path/../../Frameworks",
				);
				MARKETING_VERSION = 0.0.1;
				PRODUCT_BUNDLE_IDENTIFIER = "leaveylabs.timewellspent-ios.shieldaction";
				PRODUCT_NAME = "$(TARGET_NAME)";
				SDKROOT = iphoneos;
				SKIP_INSTALL = YES;
				SWIFT_EMIT_LOC_STRINGS = YES;
				SWIFT_VERSION = 5.0;
				TARGETED_DEVICE_FAMILY = 1;
			};
			name = Debug;
		};
		47050760291F6050007996FF /* Release */ = {
			isa = XCBuildConfiguration;
			buildSettings = {
				CODE_SIGN_ENTITLEMENTS = shieldaction/shieldaction.entitlements;
				CODE_SIGN_STYLE = Automatic;
				CURRENT_PROJECT_VERSION = 1;
				DEVELOPMENT_TEAM = SHD3A2G97F;
				GENERATE_INFOPLIST_FILE = YES;
				INFOPLIST_FILE = shieldaction/Info.plist;
				INFOPLIST_KEY_CFBundleDisplayName = shieldaction;
				INFOPLIST_KEY_NSHumanReadableCopyright = "";
				IPHONEOS_DEPLOYMENT_TARGET = 16.0;
				LD_RUNPATH_SEARCH_PATHS = (
					"$(inherited)",
					"@executable_path/Frameworks",
					"@executable_path/../../Frameworks",
				);
				MARKETING_VERSION = 0.0.1;
				PRODUCT_BUNDLE_IDENTIFIER = "leaveylabs.timewellspent-ios.shieldaction";
				PRODUCT_NAME = "$(TARGET_NAME)";
				SDKROOT = iphoneos;
				SKIP_INSTALL = YES;
				SWIFT_EMIT_LOC_STRINGS = YES;
				SWIFT_VERSION = 5.0;
				TARGETED_DEVICE_FAMILY = 1;
				VALIDATE_PRODUCT = YES;
			};
			name = Release;
		};
		47050771291F60B3007996FF /* Debug */ = {
			isa = XCBuildConfiguration;
			buildSettings = {
				CODE_SIGN_ENTITLEMENTS = "activity-monitor/activity_monitor.entitlements";
				CODE_SIGN_STYLE = Automatic;
				CURRENT_PROJECT_VERSION = 1;
				DEVELOPMENT_TEAM = SHD3A2G97F;
				GENERATE_INFOPLIST_FILE = YES;
				INFOPLIST_FILE = "activity-monitor/Info.plist";
				INFOPLIST_KEY_CFBundleDisplayName = "activity-monitor";
				INFOPLIST_KEY_NSHumanReadableCopyright = "";
				IPHONEOS_DEPLOYMENT_TARGET = 16.0;
				LD_RUNPATH_SEARCH_PATHS = (
					"$(inherited)",
					"@executable_path/Frameworks",
					"@executable_path/../../Frameworks",
				);
				MARKETING_VERSION = 0.0.1;
				PRODUCT_BUNDLE_IDENTIFIER = "leaveylabs.timewellspent-ios.activity-monitor";
				PRODUCT_NAME = "$(TARGET_NAME)";
				SDKROOT = iphoneos;
				SKIP_INSTALL = YES;
				SWIFT_EMIT_LOC_STRINGS = YES;
				SWIFT_VERSION = 5.0;
				TARGETED_DEVICE_FAMILY = 1;
			};
			name = Debug;
		};
		47050772291F60B3007996FF /* Release */ = {
			isa = XCBuildConfiguration;
			buildSettings = {
				CODE_SIGN_ENTITLEMENTS = "activity-monitor/activity_monitor.entitlements";
				CODE_SIGN_STYLE = Automatic;
				CURRENT_PROJECT_VERSION = 1;
				DEVELOPMENT_TEAM = SHD3A2G97F;
				GENERATE_INFOPLIST_FILE = YES;
				INFOPLIST_FILE = "activity-monitor/Info.plist";
				INFOPLIST_KEY_CFBundleDisplayName = "activity-monitor";
				INFOPLIST_KEY_NSHumanReadableCopyright = "";
				IPHONEOS_DEPLOYMENT_TARGET = 16.0;
				LD_RUNPATH_SEARCH_PATHS = (
					"$(inherited)",
					"@executable_path/Frameworks",
					"@executable_path/../../Frameworks",
				);
				MARKETING_VERSION = 0.0.1;
				PRODUCT_BUNDLE_IDENTIFIER = "leaveylabs.timewellspent-ios.activity-monitor";
				PRODUCT_NAME = "$(TARGET_NAME)";
				SDKROOT = iphoneos;
				SKIP_INSTALL = YES;
				SWIFT_EMIT_LOC_STRINGS = YES;
				SWIFT_VERSION = 5.0;
				TARGETED_DEVICE_FAMILY = 1;
				VALIDATE_PRODUCT = YES;
			};
			name = Release;
		};
		47572D8B2914CE9600793CF4 /* Debug */ = {
			isa = XCBuildConfiguration;
			buildSettings = {
				ALWAYS_SEARCH_USER_PATHS = NO;
				CLANG_ANALYZER_NONNULL = YES;
				CLANG_ANALYZER_NUMBER_OBJECT_CONVERSION = YES_AGGRESSIVE;
				CLANG_CXX_LANGUAGE_STANDARD = "gnu++20";
				CLANG_ENABLE_MODULES = YES;
				CLANG_ENABLE_OBJC_ARC = YES;
				CLANG_ENABLE_OBJC_WEAK = YES;
				CLANG_WARN_BLOCK_CAPTURE_AUTORELEASING = YES;
				CLANG_WARN_BOOL_CONVERSION = YES;
				CLANG_WARN_COMMA = YES;
				CLANG_WARN_CONSTANT_CONVERSION = YES;
				CLANG_WARN_DEPRECATED_OBJC_IMPLEMENTATIONS = YES;
				CLANG_WARN_DIRECT_OBJC_ISA_USAGE = YES_ERROR;
				CLANG_WARN_DOCUMENTATION_COMMENTS = YES;
				CLANG_WARN_EMPTY_BODY = YES;
				CLANG_WARN_ENUM_CONVERSION = YES;
				CLANG_WARN_INFINITE_RECURSION = YES;
				CLANG_WARN_INT_CONVERSION = YES;
				CLANG_WARN_NON_LITERAL_NULL_CONVERSION = YES;
				CLANG_WARN_OBJC_IMPLICIT_RETAIN_SELF = YES;
				CLANG_WARN_OBJC_LITERAL_CONVERSION = YES;
				CLANG_WARN_OBJC_ROOT_CLASS = YES_ERROR;
				CLANG_WARN_QUOTED_INCLUDE_IN_FRAMEWORK_HEADER = YES;
				CLANG_WARN_RANGE_LOOP_ANALYSIS = YES;
				CLANG_WARN_STRICT_PROTOTYPES = YES;
				CLANG_WARN_SUSPICIOUS_MOVE = YES;
				CLANG_WARN_UNGUARDED_AVAILABILITY = YES_AGGRESSIVE;
				CLANG_WARN_UNREACHABLE_CODE = YES;
				CLANG_WARN__DUPLICATE_METHOD_MATCH = YES;
				COPY_PHASE_STRIP = NO;
				DEBUG_INFORMATION_FORMAT = dwarf;
				ENABLE_STRICT_OBJC_MSGSEND = YES;
				ENABLE_TESTABILITY = YES;
				GCC_C_LANGUAGE_STANDARD = gnu11;
				GCC_DYNAMIC_NO_PIC = NO;
				GCC_NO_COMMON_BLOCKS = YES;
				GCC_OPTIMIZATION_LEVEL = 0;
				GCC_PREPROCESSOR_DEFINITIONS = (
					"DEBUG=1",
					"$(inherited)",
				);
				GCC_WARN_64_TO_32_BIT_CONVERSION = YES;
				GCC_WARN_ABOUT_RETURN_TYPE = YES_ERROR;
				GCC_WARN_UNDECLARED_SELECTOR = YES;
				GCC_WARN_UNINITIALIZED_AUTOS = YES_AGGRESSIVE;
				GCC_WARN_UNUSED_FUNCTION = YES;
				GCC_WARN_UNUSED_VARIABLE = YES;
				IPHONEOS_DEPLOYMENT_TARGET = 16.0;
				MTL_ENABLE_DEBUG_INFO = INCLUDE_SOURCE;
				MTL_FAST_MATH = YES;
				ONLY_ACTIVE_ARCH = YES;
				SWIFT_ACTIVE_COMPILATION_CONDITIONS = DEBUG;
				SWIFT_OPTIMIZATION_LEVEL = "-Onone";
			};
			name = Debug;
		};
		47572D8C2914CE9600793CF4 /* Release */ = {
			isa = XCBuildConfiguration;
			buildSettings = {
				ALWAYS_SEARCH_USER_PATHS = NO;
				CLANG_ANALYZER_NONNULL = YES;
				CLANG_ANALYZER_NUMBER_OBJECT_CONVERSION = YES_AGGRESSIVE;
				CLANG_CXX_LANGUAGE_STANDARD = "gnu++20";
				CLANG_ENABLE_MODULES = YES;
				CLANG_ENABLE_OBJC_ARC = YES;
				CLANG_ENABLE_OBJC_WEAK = YES;
				CLANG_WARN_BLOCK_CAPTURE_AUTORELEASING = YES;
				CLANG_WARN_BOOL_CONVERSION = YES;
				CLANG_WARN_COMMA = YES;
				CLANG_WARN_CONSTANT_CONVERSION = YES;
				CLANG_WARN_DEPRECATED_OBJC_IMPLEMENTATIONS = YES;
				CLANG_WARN_DIRECT_OBJC_ISA_USAGE = YES_ERROR;
				CLANG_WARN_DOCUMENTATION_COMMENTS = YES;
				CLANG_WARN_EMPTY_BODY = YES;
				CLANG_WARN_ENUM_CONVERSION = YES;
				CLANG_WARN_INFINITE_RECURSION = YES;
				CLANG_WARN_INT_CONVERSION = YES;
				CLANG_WARN_NON_LITERAL_NULL_CONVERSION = YES;
				CLANG_WARN_OBJC_IMPLICIT_RETAIN_SELF = YES;
				CLANG_WARN_OBJC_LITERAL_CONVERSION = YES;
				CLANG_WARN_OBJC_ROOT_CLASS = YES_ERROR;
				CLANG_WARN_QUOTED_INCLUDE_IN_FRAMEWORK_HEADER = YES;
				CLANG_WARN_RANGE_LOOP_ANALYSIS = YES;
				CLANG_WARN_STRICT_PROTOTYPES = YES;
				CLANG_WARN_SUSPICIOUS_MOVE = YES;
				CLANG_WARN_UNGUARDED_AVAILABILITY = YES_AGGRESSIVE;
				CLANG_WARN_UNREACHABLE_CODE = YES;
				CLANG_WARN__DUPLICATE_METHOD_MATCH = YES;
				COPY_PHASE_STRIP = NO;
				DEBUG_INFORMATION_FORMAT = "dwarf-with-dsym";
				ENABLE_NS_ASSERTIONS = NO;
				ENABLE_STRICT_OBJC_MSGSEND = YES;
				GCC_C_LANGUAGE_STANDARD = gnu11;
				GCC_NO_COMMON_BLOCKS = YES;
				GCC_WARN_64_TO_32_BIT_CONVERSION = YES;
				GCC_WARN_ABOUT_RETURN_TYPE = YES_ERROR;
				GCC_WARN_UNDECLARED_SELECTOR = YES;
				GCC_WARN_UNINITIALIZED_AUTOS = YES_AGGRESSIVE;
				GCC_WARN_UNUSED_FUNCTION = YES;
				GCC_WARN_UNUSED_VARIABLE = YES;
				IPHONEOS_DEPLOYMENT_TARGET = 16.0;
				MTL_ENABLE_DEBUG_INFO = NO;
				MTL_FAST_MATH = YES;
				SWIFT_COMPILATION_MODE = wholemodule;
				SWIFT_OPTIMIZATION_LEVEL = "-O";
			};
			name = Release;
		};
		47572D8E2914CE9600793CF4 /* Debug */ = {
			isa = XCBuildConfiguration;
			buildSettings = {
				ALWAYS_EMBED_SWIFT_STANDARD_LIBRARIES = YES;
				ASSETCATALOG_COMPILER_APPICON_NAME = AppIcon;
				ASSETCATALOG_COMPILER_GLOBAL_ACCENT_COLOR_NAME = AccentColor;
				CODE_SIGN_ENTITLEMENTS = "timewellspent-ios/timewellspent_ios.entitlements";
				CODE_SIGN_STYLE = Automatic;
				CURRENT_PROJECT_VERSION = 1;
				DEVELOPMENT_ASSET_PATHS = "\"timewellspent-ios/Preview Content\"";
				DEVELOPMENT_TEAM = SHD3A2G97F;
				ENABLE_HARDENED_RUNTIME = YES;
				ENABLE_PREVIEWS = YES;
				GENERATE_INFOPLIST_FILE = YES;
				INFOPLIST_FILE = "timewellspent-ios/Info.plist";
				INFOPLIST_KEY_CFBundleDisplayName = Mindberry;
				INFOPLIST_KEY_LSApplicationCategoryType = "public.app-category.healthcare-fitness";
				"INFOPLIST_KEY_UIApplicationSceneManifest_Generation[sdk=iphoneos*]" = YES;
				"INFOPLIST_KEY_UIApplicationSceneManifest_Generation[sdk=iphonesimulator*]" = YES;
				"INFOPLIST_KEY_UIApplicationSupportsIndirectInputEvents[sdk=iphoneos*]" = YES;
				"INFOPLIST_KEY_UIApplicationSupportsIndirectInputEvents[sdk=iphonesimulator*]" = YES;
				"INFOPLIST_KEY_UILaunchScreen_Generation[sdk=iphoneos*]" = YES;
				"INFOPLIST_KEY_UILaunchScreen_Generation[sdk=iphonesimulator*]" = YES;
				INFOPLIST_KEY_UILaunchStoryboardName = LaunchScreen;
				INFOPLIST_KEY_UIStatusBarStyle = "";
				"INFOPLIST_KEY_UIStatusBarStyle[sdk=iphoneos*]" = UIStatusBarStyleDefault;
				"INFOPLIST_KEY_UIStatusBarStyle[sdk=iphonesimulator*]" = UIStatusBarStyleDefault;
				INFOPLIST_KEY_UISupportedInterfaceOrientations = UIInterfaceOrientationPortrait;
				INFOPLIST_KEY_UIUserInterfaceStyle = Dark;
				IPHONEOS_DEPLOYMENT_TARGET = 16.0;
				LD_RUNPATH_SEARCH_PATHS = "@executable_path/Frameworks";
				"LD_RUNPATH_SEARCH_PATHS[sdk=macosx*]" = "@executable_path/../Frameworks";
				MACOSX_DEPLOYMENT_TARGET = 13.0;
				MARKETING_VERSION = 0.0.1;
				PRODUCT_BUNDLE_IDENTIFIER = "leaveylabs.timewellspent-ios";
				PRODUCT_NAME = "$(TARGET_NAME)";
				SDKROOT = auto;
				SUPPORTED_PLATFORMS = "iphoneos iphonesimulator";
				SUPPORTS_MACCATALYST = NO;
				SUPPORTS_MAC_DESIGNED_FOR_IPHONE_IPAD = NO;
				SWIFT_EMIT_LOC_STRINGS = YES;
				SWIFT_VERSION = 5.0;
				TARGETED_DEVICE_FAMILY = "1,2";
			};
			name = Debug;
		};
		47572D8F2914CE9600793CF4 /* Release */ = {
			isa = XCBuildConfiguration;
			buildSettings = {
				ALWAYS_EMBED_SWIFT_STANDARD_LIBRARIES = YES;
				ASSETCATALOG_COMPILER_APPICON_NAME = AppIcon;
				ASSETCATALOG_COMPILER_GLOBAL_ACCENT_COLOR_NAME = AccentColor;
				CODE_SIGN_ENTITLEMENTS = "timewellspent-ios/timewellspent_ios.entitlements";
				CODE_SIGN_STYLE = Automatic;
				CURRENT_PROJECT_VERSION = 1;
				DEVELOPMENT_ASSET_PATHS = "\"timewellspent-ios/Preview Content\"";
				DEVELOPMENT_TEAM = SHD3A2G97F;
				ENABLE_HARDENED_RUNTIME = YES;
				ENABLE_PREVIEWS = YES;
				GENERATE_INFOPLIST_FILE = YES;
				INFOPLIST_FILE = "timewellspent-ios/Info.plist";
				INFOPLIST_KEY_CFBundleDisplayName = Mindberry;
				INFOPLIST_KEY_LSApplicationCategoryType = "public.app-category.healthcare-fitness";
				"INFOPLIST_KEY_UIApplicationSceneManifest_Generation[sdk=iphoneos*]" = YES;
				"INFOPLIST_KEY_UIApplicationSceneManifest_Generation[sdk=iphonesimulator*]" = YES;
				"INFOPLIST_KEY_UIApplicationSupportsIndirectInputEvents[sdk=iphoneos*]" = YES;
				"INFOPLIST_KEY_UIApplicationSupportsIndirectInputEvents[sdk=iphonesimulator*]" = YES;
				"INFOPLIST_KEY_UILaunchScreen_Generation[sdk=iphoneos*]" = YES;
				"INFOPLIST_KEY_UILaunchScreen_Generation[sdk=iphonesimulator*]" = YES;
				INFOPLIST_KEY_UILaunchStoryboardName = LaunchScreen;
				INFOPLIST_KEY_UIStatusBarStyle = "";
				"INFOPLIST_KEY_UIStatusBarStyle[sdk=iphoneos*]" = UIStatusBarStyleDefault;
				"INFOPLIST_KEY_UIStatusBarStyle[sdk=iphonesimulator*]" = UIStatusBarStyleDefault;
				INFOPLIST_KEY_UISupportedInterfaceOrientations = UIInterfaceOrientationPortrait;
				INFOPLIST_KEY_UIUserInterfaceStyle = Dark;
				IPHONEOS_DEPLOYMENT_TARGET = 16.0;
				LD_RUNPATH_SEARCH_PATHS = "@executable_path/Frameworks";
				"LD_RUNPATH_SEARCH_PATHS[sdk=macosx*]" = "@executable_path/../Frameworks";
				MACOSX_DEPLOYMENT_TARGET = 13.0;
				MARKETING_VERSION = 0.0.1;
				PRODUCT_BUNDLE_IDENTIFIER = "leaveylabs.timewellspent-ios";
				PRODUCT_NAME = "$(TARGET_NAME)";
				SDKROOT = auto;
				SUPPORTED_PLATFORMS = "iphoneos iphonesimulator";
				SUPPORTS_MACCATALYST = NO;
				SUPPORTS_MAC_DESIGNED_FOR_IPHONE_IPAD = NO;
				SWIFT_EMIT_LOC_STRINGS = YES;
				SWIFT_VERSION = 5.0;
				TARGETED_DEVICE_FAMILY = "1,2";
			};
			name = Release;
		};
		47572D912914CE9600793CF4 /* Debug */ = {
			isa = XCBuildConfiguration;
			buildSettings = {
				ALWAYS_EMBED_SWIFT_STANDARD_LIBRARIES = YES;
				BUNDLE_LOADER = "$(TEST_HOST)";
				CODE_SIGN_STYLE = Automatic;
				CURRENT_PROJECT_VERSION = 1;
				DEVELOPMENT_TEAM = SHD3A2G97F;
				GENERATE_INFOPLIST_FILE = YES;
				IPHONEOS_DEPLOYMENT_TARGET = 16.1;
				MACOSX_DEPLOYMENT_TARGET = 13.0;
				MARKETING_VERSION = 1.0;
				PRODUCT_BUNDLE_IDENTIFIER = "leaveylabs.timewellspent-iosTests";
				PRODUCT_NAME = "$(TARGET_NAME)";
				SDKROOT = auto;
				SUPPORTED_PLATFORMS = "iphoneos iphonesimulator macosx";
				SWIFT_EMIT_LOC_STRINGS = NO;
				SWIFT_VERSION = 5.0;
				TARGETED_DEVICE_FAMILY = "1,2";
				TEST_HOST = "$(BUILT_PRODUCTS_DIR)/timewellspent-ios.app/$(BUNDLE_EXECUTABLE_FOLDER_PATH)/timewellspent-ios";
			};
			name = Debug;
		};
		47572D922914CE9600793CF4 /* Release */ = {
			isa = XCBuildConfiguration;
			buildSettings = {
				ALWAYS_EMBED_SWIFT_STANDARD_LIBRARIES = YES;
				BUNDLE_LOADER = "$(TEST_HOST)";
				CODE_SIGN_STYLE = Automatic;
				CURRENT_PROJECT_VERSION = 1;
				DEVELOPMENT_TEAM = SHD3A2G97F;
				GENERATE_INFOPLIST_FILE = YES;
				IPHONEOS_DEPLOYMENT_TARGET = 16.1;
				MACOSX_DEPLOYMENT_TARGET = 13.0;
				MARKETING_VERSION = 1.0;
				PRODUCT_BUNDLE_IDENTIFIER = "leaveylabs.timewellspent-iosTests";
				PRODUCT_NAME = "$(TARGET_NAME)";
				SDKROOT = auto;
				SUPPORTED_PLATFORMS = "iphoneos iphonesimulator macosx";
				SWIFT_EMIT_LOC_STRINGS = NO;
				SWIFT_VERSION = 5.0;
				TARGETED_DEVICE_FAMILY = "1,2";
				TEST_HOST = "$(BUILT_PRODUCTS_DIR)/timewellspent-ios.app/$(BUNDLE_EXECUTABLE_FOLDER_PATH)/timewellspent-ios";
			};
			name = Release;
		};
		47572D942914CE9600793CF4 /* Debug */ = {
			isa = XCBuildConfiguration;
			buildSettings = {
				ALWAYS_EMBED_SWIFT_STANDARD_LIBRARIES = YES;
				CODE_SIGN_STYLE = Automatic;
				CURRENT_PROJECT_VERSION = 1;
				DEVELOPMENT_TEAM = SHD3A2G97F;
				GENERATE_INFOPLIST_FILE = YES;
				IPHONEOS_DEPLOYMENT_TARGET = 16.1;
				MACOSX_DEPLOYMENT_TARGET = 13.0;
				MARKETING_VERSION = 1.0;
				PRODUCT_BUNDLE_IDENTIFIER = "leaveylabs.timewellspent-iosUITests";
				PRODUCT_NAME = "$(TARGET_NAME)";
				SDKROOT = auto;
				SUPPORTED_PLATFORMS = "iphoneos iphonesimulator macosx";
				SWIFT_EMIT_LOC_STRINGS = NO;
				SWIFT_VERSION = 5.0;
				TARGETED_DEVICE_FAMILY = "1,2";
				TEST_TARGET_NAME = "timewellspent-ios";
			};
			name = Debug;
		};
		47572D952914CE9600793CF4 /* Release */ = {
			isa = XCBuildConfiguration;
			buildSettings = {
				ALWAYS_EMBED_SWIFT_STANDARD_LIBRARIES = YES;
				CODE_SIGN_STYLE = Automatic;
				CURRENT_PROJECT_VERSION = 1;
				DEVELOPMENT_TEAM = SHD3A2G97F;
				GENERATE_INFOPLIST_FILE = YES;
				IPHONEOS_DEPLOYMENT_TARGET = 16.1;
				MACOSX_DEPLOYMENT_TARGET = 13.0;
				MARKETING_VERSION = 1.0;
				PRODUCT_BUNDLE_IDENTIFIER = "leaveylabs.timewellspent-iosUITests";
				PRODUCT_NAME = "$(TARGET_NAME)";
				SDKROOT = auto;
				SUPPORTED_PLATFORMS = "iphoneos iphonesimulator macosx";
				SWIFT_EMIT_LOC_STRINGS = NO;
				SWIFT_VERSION = 5.0;
				TARGETED_DEVICE_FAMILY = "1,2";
				TEST_TARGET_NAME = "timewellspent-ios";
			};
			name = Release;
		};
/* End XCBuildConfiguration section */

/* Begin XCConfigurationList section */
		4705074C291F5ED1007996FF /* Build configuration list for PBXNativeTarget "shield" */ = {
			isa = XCConfigurationList;
			buildConfigurations = (
				4705074D291F5ED1007996FF /* Debug */,
				4705074E291F5ED1007996FF /* Release */,
			);
			defaultConfigurationIsVisible = 0;
			defaultConfigurationName = Release;
		};
		4705075E291F6050007996FF /* Build configuration list for PBXNativeTarget "shieldaction" */ = {
			isa = XCConfigurationList;
			buildConfigurations = (
				4705075F291F6050007996FF /* Debug */,
				47050760291F6050007996FF /* Release */,
			);
			defaultConfigurationIsVisible = 0;
			defaultConfigurationName = Release;
		};
		47050770291F60B3007996FF /* Build configuration list for PBXNativeTarget "activity-monitor" */ = {
			isa = XCConfigurationList;
			buildConfigurations = (
				47050771291F60B3007996FF /* Debug */,
				47050772291F60B3007996FF /* Release */,
			);
			defaultConfigurationIsVisible = 0;
			defaultConfigurationName = Release;
		};
		47572D5E2914CE9500793CF4 /* Build configuration list for PBXProject "timewellspent-ios" */ = {
			isa = XCConfigurationList;
			buildConfigurations = (
				47572D8B2914CE9600793CF4 /* Debug */,
				47572D8C2914CE9600793CF4 /* Release */,
			);
			defaultConfigurationIsVisible = 0;
			defaultConfigurationName = Release;
		};
		47572D8D2914CE9600793CF4 /* Build configuration list for PBXNativeTarget "timewellspent-ios" */ = {
			isa = XCConfigurationList;
			buildConfigurations = (
				47572D8E2914CE9600793CF4 /* Debug */,
				47572D8F2914CE9600793CF4 /* Release */,
			);
			defaultConfigurationIsVisible = 0;
			defaultConfigurationName = Release;
		};
		47572D902914CE9600793CF4 /* Build configuration list for PBXNativeTarget "timewellspent-iosTests" */ = {
			isa = XCConfigurationList;
			buildConfigurations = (
				47572D912914CE9600793CF4 /* Debug */,
				47572D922914CE9600793CF4 /* Release */,
			);
			defaultConfigurationIsVisible = 0;
			defaultConfigurationName = Release;
		};
		47572D932914CE9600793CF4 /* Build configuration list for PBXNativeTarget "timewellspent-iosUITests" */ = {
			isa = XCConfigurationList;
			buildConfigurations = (
				47572D942914CE9600793CF4 /* Debug */,
				47572D952914CE9600793CF4 /* Release */,
			);
			defaultConfigurationIsVisible = 0;
			defaultConfigurationName = Release;
		};
/* End XCConfigurationList section */

/* Begin XCRemoteSwiftPackageReference section */
		47AFCE742926C4CA00E47FCD /* XCRemoteSwiftPackageReference "firebase-ios-sdk" */ = {
			isa = XCRemoteSwiftPackageReference;
			repositoryURL = "https://github.com/firebase/firebase-ios-sdk.git";
			requirement = {
				branch = master;
				kind = branch;
			};
		};
/* End XCRemoteSwiftPackageReference section */

/* Begin XCSwiftPackageProductDependency section */
		47183C6D292AF6B800AB6A38 /* FirebaseRemoteConfig */ = {
			isa = XCSwiftPackageProductDependency;
			package = 47AFCE742926C4CA00E47FCD /* XCRemoteSwiftPackageReference "firebase-ios-sdk" */;
			productName = FirebaseRemoteConfig;
		};
		47183C6F292AF6B800AB6A38 /* FirebaseRemoteConfigSwift */ = {
			isa = XCSwiftPackageProductDependency;
			package = 47AFCE742926C4CA00E47FCD /* XCRemoteSwiftPackageReference "firebase-ios-sdk" */;
			productName = FirebaseRemoteConfigSwift;
		};
		47AFCE752926C4CA00E47FCD /* FirebaseFirestore */ = {
			isa = XCSwiftPackageProductDependency;
			package = 47AFCE742926C4CA00E47FCD /* XCRemoteSwiftPackageReference "firebase-ios-sdk" */;
			productName = FirebaseFirestore;
		};
		47AFCE772926C4CA00E47FCD /* FirebaseFirestoreSwift */ = {
			isa = XCSwiftPackageProductDependency;
			package = 47AFCE742926C4CA00E47FCD /* XCRemoteSwiftPackageReference "firebase-ios-sdk" */;
			productName = FirebaseFirestoreSwift;
		};
		47AFCE792926C52000E47FCD /* FirebaseFirestore */ = {
			isa = XCSwiftPackageProductDependency;
			package = 47AFCE742926C4CA00E47FCD /* XCRemoteSwiftPackageReference "firebase-ios-sdk" */;
			productName = FirebaseFirestore;
		};
/* End XCSwiftPackageProductDependency section */

/* Begin XCVersionGroup section */
		47572D6A2914CE9500793CF4 /* timewellspent_ios.xcdatamodeld */ = {
			isa = XCVersionGroup;
			children = (
				47572D6B2914CE9500793CF4 /* timewellspent_ios.xcdatamodel */,
			);
			currentVersion = 47572D6B2914CE9500793CF4 /* timewellspent_ios.xcdatamodel */;
			path = timewellspent_ios.xcdatamodeld;
			sourceTree = "<group>";
			versionGroupType = wrapper.xcdatamodel;
		};
/* End XCVersionGroup section */
	};
	rootObject = 47572D5B2914CE9500793CF4 /* Project object */;
}
